
Microsoft Visual Studio Solution File, Format Version 12.00
# Visual Studio 2012
Project("{FAE04EC0-301F-11D3-BF4B-00C04F79EFBC}") = "MonoGameTvOs", "MonoGameTvOs\MonoGameTvOs.csproj", "{DE64AF38-DA59-4AB6-B3B8-575A63C229A2}"
EndProject
Global
	GlobalSection(SolutionConfigurationPlatforms) = preSolution
		Debug|iPhoneSimulator = Debug|iPhoneSimulator
		Release|iPhone = Release|iPhone
		Release|iPhoneSimulator = Release|iPhoneSimulator
		Debug|iPhone = Debug|iPhone
	EndGlobalSection
	GlobalSection(ProjectConfigurationPlatforms) = postSolution
		{DE64AF38-DA59-4AB6-B3B8-575A63C229A2}.Debug|iPhoneSimulator.ActiveCfg = Debug|iPhoneSimulator
		{DE64AF38-DA59-4AB6-B3B8-575A63C229A2}.Debug|iPhoneSimulator.Build.0 = Debug|iPhoneSimulator
		{DE64AF38-DA59-4AB6-B3B8-575A63C229A2}.Release|iPhone.ActiveCfg = Release|iPhone
		{DE64AF38-DA59-4AB6-B3B8-575A63C229A2}.Release|iPhone.Build.0 = Release|iPhone
		{DE64AF38-DA59-4AB6-B3B8-575A63C229A2}.Release|iPhoneSimulator.ActiveCfg = Release|iPhoneSimulator
		{DE64AF38-DA59-4AB6-B3B8-575A63C229A2}.Release|iPhoneSimulator.Build.0 = Release|iPhoneSimulator
		{DE64AF38-DA59-4AB6-B3B8-575A63C229A2}.Debug|iPhone.ActiveCfg = Debug|iPhone
		{DE64AF38-DA59-4AB6-B3B8-575A63C229A2}.Debug|iPhone.Build.0 = Debug|iPhone
	EndGlobalSection
EndGlobal
