
Microsoft Visual Studio Solution File, Format Version 12.00
# Visual Studio 15
VisualStudioVersion = 15.0.27428.2005
MinimumVisualStudioVersion = 10.0.40219.1
Project("{FAE04EC0-301F-11D3-BF4B-00C04F79EFBC}") = "WeatherApp", "WeatherApp\WeatherApp.csproj", "{B5A2E509-67D5-4C95-AFEE-74A6342F81AB}"
EndProject
Project("{FAE04EC0-301F-11D3-BF4B-00C04F79EFBC}") = "WeatherApp.Android", "WeatherApp.Android\WeatherApp.Android.csproj", "{AE0587BA-4279-411E-9D9B-A89991BC1ED0}"
EndProject
Project("{FAE04EC0-301F-11D3-BF4B-00C04F79EFBC}") = "WeatherApp.UWP", "WeatherApp.UWP\WeatherApp.UWP.csproj", "{C0A29E26-538C-4BD3-8BFC-7358D0C83CDE}"
EndProject
Project("{FAE04EC0-301F-11D3-BF4B-00C04F79EFBC}") = "WeatherApp.iOS", "WeatherApp.iOS\WeatherApp.iOS.csproj", "{57000EC5-2354-4475-B369-91AF7D5E177C}"
EndProject
Global
	GlobalSection(SolutionConfigurationPlatforms) = preSolution
		Debug|Any CPU = Debug|Any CPU
		Debug|ARM = Debug|ARM
		Debug|iPhone = Debug|iPhone
		Debug|iPhoneSimulator = Debug|iPhoneSimulator
		Debug|x64 = Debug|x64
		Debug|x86 = Debug|x86
		Release|Any CPU = Release|Any CPU
		Release|ARM = Release|ARM
		Release|iPhone = Release|iPhone
		Release|iPhoneSimulator = Release|iPhoneSimulator
		Release|x64 = Release|x64
		Release|x86 = Release|x86
	EndGlobalSection
	GlobalSection(ProjectConfigurationPlatforms) = postSolution
		{B5A2E509-67D5-4C95-AFEE-74A6342F81AB}.Debug|Any CPU.ActiveCfg = Debug|Any CPU
		{B5A2E509-67D5-4C95-AFEE-74A6342F81AB}.Debug|Any CPU.Build.0 = Debug|Any CPU
		{B5A2E509-67D5-4C95-AFEE-74A6342F81AB}.Debug|ARM.ActiveCfg = Debug|Any CPU
		{B5A2E509-67D5-4C95-AFEE-74A6342F81AB}.Debug|ARM.Build.0 = Debug|Any CPU
		{B5A2E509-67D5-4C95-AFEE-74A6342F81AB}.Debug|iPhone.ActiveCfg = Debug|Any CPU
		{B5A2E509-67D5-4C95-AFEE-74A6342F81AB}.Debug|iPhone.Build.0 = Debug|Any CPU
		{B5A2E509-67D5-4C95-AFEE-74A6342F81AB}.Debug|iPhoneSimulator.ActiveCfg = Debug|Any CPU
		{B5A2E509-67D5-4C95-AFEE-74A6342F81AB}.Debug|iPhoneSimulator.Build.0 = Debug|Any CPU
		{B5A2E509-67D5-4C95-AFEE-74A6342F81AB}.Debug|x64.ActiveCfg = Debug|Any CPU
		{B5A2E509-67D5-4C95-AFEE-74A6342F81AB}.Debug|x64.Build.0 = Debug|Any CPU
		{B5A2E509-67D5-4C95-AFEE-74A6342F81AB}.Debug|x86.ActiveCfg = Debug|Any CPU
		{B5A2E509-67D5-4C95-AFEE-74A6342F81AB}.Debug|x86.Build.0 = Debug|Any CPU
		{B5A2E509-67D5-4C95-AFEE-74A6342F81AB}.Release|Any CPU.ActiveCfg = Release|Any CPU
		{B5A2E509-67D5-4C95-AFEE-74A6342F81AB}.Release|Any CPU.Build.0 = Release|Any CPU
		{B5A2E509-67D5-4C95-AFEE-74A6342F81AB}.Release|ARM.ActiveCfg = Release|Any CPU
		{B5A2E509-67D5-4C95-AFEE-74A6342F81AB}.Release|ARM.Build.0 = Release|Any CPU
		{B5A2E509-67D5-4C95-AFEE-74A6342F81AB}.Release|iPhone.ActiveCfg = Release|Any CPU
		{B5A2E509-67D5-4C95-AFEE-74A6342F81AB}.Release|iPhone.Build.0 = Release|Any CPU
		{B5A2E509-67D5-4C95-AFEE-74A6342F81AB}.Release|iPhoneSimulator.ActiveCfg = Release|Any CPU
		{B5A2E509-67D5-4C95-AFEE-74A6342F81AB}.Release|iPhoneSimulator.Build.0 = Release|Any CPU
		{B5A2E509-67D5-4C95-AFEE-74A6342F81AB}.Release|x64.ActiveCfg = Release|Any CPU
		{B5A2E509-67D5-4C95-AFEE-74A6342F81AB}.Release|x64.Build.0 = Release|Any CPU
		{B5A2E509-67D5-4C95-AFEE-74A6342F81AB}.Release|x86.ActiveCfg = Release|Any CPU
		{B5A2E509-67D5-4C95-AFEE-74A6342F81AB}.Release|x86.Build.0 = Release|Any CPU
		{AE0587BA-4279-411E-9D9B-A89991BC1ED0}.Debug|Any CPU.ActiveCfg = Debug|Any CPU
		{AE0587BA-4279-411E-9D9B-A89991BC1ED0}.Debug|Any CPU.Build.0 = Debug|Any CPU
		{AE0587BA-4279-411E-9D9B-A89991BC1ED0}.Debug|Any CPU.Deploy.0 = Debug|Any CPU
		{AE0587BA-4279-411E-9D9B-A89991BC1ED0}.Debug|ARM.ActiveCfg = Debug|Any CPU
		{AE0587BA-4279-411E-9D9B-A89991BC1ED0}.Debug|ARM.Build.0 = Debug|Any CPU
		{AE0587BA-4279-411E-9D9B-A89991BC1ED0}.Debug|ARM.Deploy.0 = Debug|Any CPU
		{AE0587BA-4279-411E-9D9B-A89991BC1ED0}.Debug|iPhone.ActiveCfg = Debug|Any CPU
		{AE0587BA-4279-411E-9D9B-A89991BC1ED0}.Debug|iPhone.Build.0 = Debug|Any CPU
		{AE0587BA-4279-411E-9D9B-A89991BC1ED0}.Debug|iPhone.Deploy.0 = Debug|Any CPU
		{AE0587BA-4279-411E-9D9B-A89991BC1ED0}.Debug|iPhoneSimulator.ActiveCfg = Debug|Any CPU
		{AE0587BA-4279-411E-9D9B-A89991BC1ED0}.Debug|iPhoneSimulator.Build.0 = Debug|Any CPU
		{AE0587BA-4279-411E-9D9B-A89991BC1ED0}.Debug|iPhoneSimulator.Deploy.0 = Debug|Any CPU
		{AE0587BA-4279-411E-9D9B-A89991BC1ED0}.Debug|x64.ActiveCfg = Debug|Any CPU
		{AE0587BA-4279-411E-9D9B-A89991BC1ED0}.Debug|x64.Build.0 = Debug|Any CPU
		{AE0587BA-4279-411E-9D9B-A89991BC1ED0}.Debug|x64.Deploy.0 = Debug|Any CPU
		{AE0587BA-4279-411E-9D9B-A89991BC1ED0}.Debug|x86.ActiveCfg = Debug|Any CPU
		{AE0587BA-4279-411E-9D9B-A89991BC1ED0}.Debug|x86.Build.0 = Debug|Any CPU
		{AE0587BA-4279-411E-9D9B-A89991BC1ED0}.Debug|x86.Deploy.0 = Debug|Any CPU
		{AE0587BA-4279-411E-9D9B-A89991BC1ED0}.Release|Any CPU.ActiveCfg = Release|Any CPU
		{AE0587BA-4279-411E-9D9B-A89991BC1ED0}.Release|Any CPU.Build.0 = Release|Any CPU
		{AE0587BA-4279-411E-9D9B-A89991BC1ED0}.Release|Any CPU.Deploy.0 = Release|Any CPU
		{AE0587BA-4279-411E-9D9B-A89991BC1ED0}.Release|ARM.ActiveCfg = Release|Any CPU
		{AE0587BA-4279-411E-9D9B-A89991BC1ED0}.Release|ARM.Build.0 = Release|Any CPU
		{AE0587BA-4279-411E-9D9B-A89991BC1ED0}.Release|ARM.Deploy.0 = Release|Any CPU
		{AE0587BA-4279-411E-9D9B-A89991BC1ED0}.Release|iPhone.ActiveCfg = Release|Any CPU
		{AE0587BA-4279-411E-9D9B-A89991BC1ED0}.Release|iPhone.Build.0 = Release|Any CPU
		{AE0587BA-4279-411E-9D9B-A89991BC1ED0}.Release|iPhone.Deploy.0 = Release|Any CPU
		{AE0587BA-4279-411E-9D9B-A89991BC1ED0}.Release|iPhoneSimulator.ActiveCfg = Release|Any CPU
		{AE0587BA-4279-411E-9D9B-A89991BC1ED0}.Release|iPhoneSimulator.Build.0 = Release|Any CPU
		{AE0587BA-4279-411E-9D9B-A89991BC1ED0}.Release|iPhoneSimulator.Deploy.0 = Release|Any CPU
		{AE0587BA-4279-411E-9D9B-A89991BC1ED0}.Release|x64.ActiveCfg = Release|Any CPU
		{AE0587BA-4279-411E-9D9B-A89991BC1ED0}.Release|x64.Build.0 = Release|Any CPU
		{AE0587BA-4279-411E-9D9B-A89991BC1ED0}.Release|x64.Deploy.0 = Release|Any CPU
		{AE0587BA-4279-411E-9D9B-A89991BC1ED0}.Release|x86.ActiveCfg = Release|Any CPU
		{AE0587BA-4279-411E-9D9B-A89991BC1ED0}.Release|x86.Build.0 = Release|Any CPU
		{AE0587BA-4279-411E-9D9B-A89991BC1ED0}.Release|x86.Deploy.0 = Release|Any CPU
		{C0A29E26-538C-4BD3-8BFC-7358D0C83CDE}.Debug|Any CPU.ActiveCfg = Debug|x86
		{C0A29E26-538C-4BD3-8BFC-7358D0C83CDE}.Debug|ARM.ActiveCfg = Debug|ARM
		{C0A29E26-538C-4BD3-8BFC-7358D0C83CDE}.Debug|ARM.Build.0 = Debug|ARM
		{C0A29E26-538C-4BD3-8BFC-7358D0C83CDE}.Debug|ARM.Deploy.0 = Debug|ARM
		{C0A29E26-538C-4BD3-8BFC-7358D0C83CDE}.Debug|iPhone.ActiveCfg = Debug|x86
		{C0A29E26-538C-4BD3-8BFC-7358D0C83CDE}.Debug|iPhoneSimulator.ActiveCfg = Debug|x86
		{C0A29E26-538C-4BD3-8BFC-7358D0C83CDE}.Debug|x64.ActiveCfg = Debug|x64
		{C0A29E26-538C-4BD3-8BFC-7358D0C83CDE}.Debug|x64.Build.0 = Debug|x64
		{C0A29E26-538C-4BD3-8BFC-7358D0C83CDE}.Debug|x64.Deploy.0 = Debug|x64
		{C0A29E26-538C-4BD3-8BFC-7358D0C83CDE}.Debug|x86.ActiveCfg = Debug|x86
		{C0A29E26-538C-4BD3-8BFC-7358D0C83CDE}.Debug|x86.Build.0 = Debug|x86
		{C0A29E26-538C-4BD3-8BFC-7358D0C83CDE}.Debug|x86.Deploy.0 = Debug|x86
		{C0A29E26-538C-4BD3-8BFC-7358D0C83CDE}.Release|Any CPU.ActiveCfg = Release|x86
		{C0A29E26-538C-4BD3-8BFC-7358D0C83CDE}.Release|ARM.ActiveCfg = Release|ARM
		{C0A29E26-538C-4BD3-8BFC-7358D0C83CDE}.Release|ARM.Build.0 = Release|ARM
		{C0A29E26-538C-4BD3-8BFC-7358D0C83CDE}.Release|ARM.Deploy.0 = Release|ARM
		{C0A29E26-538C-4BD3-8BFC-7358D0C83CDE}.Release|iPhone.ActiveCfg = Release|x86
		{C0A29E26-538C-4BD3-8BFC-7358D0C83CDE}.Release|iPhoneSimulator.ActiveCfg = Release|x86
		{C0A29E26-538C-4BD3-8BFC-7358D0C83CDE}.Release|x64.ActiveCfg = Release|x64
		{C0A29E26-538C-4BD3-8BFC-7358D0C83CDE}.Release|x64.Build.0 = Release|x64
		{C0A29E26-538C-4BD3-8BFC-7358D0C83CDE}.Release|x64.Deploy.0 = Release|x64
		{C0A29E26-538C-4BD3-8BFC-7358D0C83CDE}.Release|x86.ActiveCfg = Release|x86
		{C0A29E26-538C-4BD3-8BFC-7358D0C83CDE}.Release|x86.Build.0 = Release|x86
		{C0A29E26-538C-4BD3-8BFC-7358D0C83CDE}.Release|x86.Deploy.0 = Release|x86
		{57000EC5-2354-4475-B369-91AF7D5E177C}.Debug|Any CPU.ActiveCfg = Debug|iPhone
		{57000EC5-2354-4475-B369-91AF7D5E177C}.Debug|ARM.ActiveCfg = Debug|iPhone
		{57000EC5-2354-4475-B369-91AF7D5E177C}.Debug|iPhone.ActiveCfg = Debug|iPhone
		{57000EC5-2354-4475-B369-91AF7D5E177C}.Debug|iPhone.Build.0 = Debug|iPhone
		{57000EC5-2354-4475-B369-91AF7D5E177C}.Debug|iPhoneSimulator.ActiveCfg = Debug|iPhoneSimulator
		{57000EC5-2354-4475-B369-91AF7D5E177C}.Debug|iPhoneSimulator.Build.0 = Debug|iPhoneSimulator
		{57000EC5-2354-4475-B369-91AF7D5E177C}.Debug|x64.ActiveCfg = Debug|iPhone
		{57000EC5-2354-4475-B369-91AF7D5E177C}.Debug|x86.ActiveCfg = Debug|iPhone
		{57000EC5-2354-4475-B369-91AF7D5E177C}.Release|Any CPU.ActiveCfg = Release|iPhone
		{57000EC5-2354-4475-B369-91AF7D5E177C}.Release|ARM.ActiveCfg = Release|iPhone
		{57000EC5-2354-4475-B369-91AF7D5E177C}.Release|iPhone.ActiveCfg = Release|iPhone
		{57000EC5-2354-4475-B369-91AF7D5E177C}.Release|iPhone.Build.0 = Release|iPhone
		{57000EC5-2354-4475-B369-91AF7D5E177C}.Release|iPhoneSimulator.ActiveCfg = Release|iPhoneSimulator
		{57000EC5-2354-4475-B369-91AF7D5E177C}.Release|iPhoneSimulator.Build.0 = Release|iPhoneSimulator
		{57000EC5-2354-4475-B369-91AF7D5E177C}.Release|x64.ActiveCfg = Release|iPhone
		{57000EC5-2354-4475-B369-91AF7D5E177C}.Release|x86.ActiveCfg = Release|iPhone
	EndGlobalSection
	GlobalSection(SolutionProperties) = preSolution
		HideSolutionNode = FALSE
	EndGlobalSection
	GlobalSection(ExtensibilityGlobals) = postSolution
		SolutionGuid = {7F928FAA-E8E2-4874-963A-0687B866900C}
	EndGlobalSection
EndGlobal
