
Microsoft Visual Studio Solution File, Format Version 12.00
# Visual Studio 15
VisualStudioVersion = 15.0.27004.2005
MinimumVisualStudioVersion = 10.0.40219.1
Project("{FAE04EC0-301F-11D3-BF4B-00C04F79EFBC}") = "XamarinFormsScreenShot.Android", "XamarinFormsScreenShot\XamarinFormsScreenShot.Android\XamarinFormsScreenShot.Android.csproj", "{084DFA8B-8C41-49F7-86B6-B4D68103C742}"
EndProject
Project("{FAE04EC0-301F-11D3-BF4B-00C04F79EFBC}") = "XamarinFormsScreenShot", "XamarinFormsScreenShot\XamarinFormsScreenShot\XamarinFormsScreenShot.csproj", "{6021113A-853F-4E54-9F10-5CB167119F9E}"
EndProject
Project("{FAE04EC0-301F-11D3-BF4B-00C04F79EFBC}") = "XamarinFormsScreenShot.UWP", "XamarinFormsScreenShot\XamarinFormsScreenShot.UWP\XamarinFormsScreenShot.UWP.csproj", "{EDAD68CA-E524-4C53-B754-E8887DD356DE}"
EndProject
Project("{FAE04EC0-301F-11D3-BF4B-00C04F79EFBC}") = "XamarinFormsScreenShot.iOS", "XamarinFormsScreenShot\XamarinFormsScreenShot.iOS\XamarinFormsScreenShot.iOS.csproj", "{83EA7CC3-5F9F-4CDF-B1E2-54244E20EFE4}"
EndProject
Global
	GlobalSection(SolutionConfigurationPlatforms) = preSolution
		Ad-Hoc|Any CPU = Ad-Hoc|Any CPU
		Ad-Hoc|ARM = Ad-Hoc|ARM
		Ad-Hoc|iPhone = Ad-Hoc|iPhone
		Ad-Hoc|iPhoneSimulator = Ad-Hoc|iPhoneSimulator
		Ad-Hoc|x64 = Ad-Hoc|x64
		Ad-Hoc|x86 = Ad-Hoc|x86
		AppStore|Any CPU = AppStore|Any CPU
		AppStore|ARM = AppStore|ARM
		AppStore|iPhone = AppStore|iPhone
		AppStore|iPhoneSimulator = AppStore|iPhoneSimulator
		AppStore|x64 = AppStore|x64
		AppStore|x86 = AppStore|x86
		Debug|Any CPU = Debug|Any CPU
		Debug|ARM = Debug|ARM
		Debug|iPhone = Debug|iPhone
		Debug|iPhoneSimulator = Debug|iPhoneSimulator
		Debug|x64 = Debug|x64
		Debug|x86 = Debug|x86
		Release|Any CPU = Release|Any CPU
		Release|ARM = Release|ARM
		Release|iPhone = Release|iPhone
		Release|iPhoneSimulator = Release|iPhoneSimulator
		Release|x64 = Release|x64
		Release|x86 = Release|x86
	EndGlobalSection
	GlobalSection(ProjectConfigurationPlatforms) = postSolution
		{084DFA8B-8C41-49F7-86B6-B4D68103C742}.Ad-Hoc|Any CPU.ActiveCfg = Release|Any CPU
		{084DFA8B-8C41-49F7-86B6-B4D68103C742}.Ad-Hoc|Any CPU.Build.0 = Release|Any CPU
		{084DFA8B-8C41-49F7-86B6-B4D68103C742}.Ad-Hoc|Any CPU.Deploy.0 = Release|Any CPU
		{084DFA8B-8C41-49F7-86B6-B4D68103C742}.Ad-Hoc|ARM.ActiveCfg = Release|Any CPU
		{084DFA8B-8C41-49F7-86B6-B4D68103C742}.Ad-Hoc|ARM.Build.0 = Release|Any CPU
		{084DFA8B-8C41-49F7-86B6-B4D68103C742}.Ad-Hoc|ARM.Deploy.0 = Release|Any CPU
		{084DFA8B-8C41-49F7-86B6-B4D68103C742}.Ad-Hoc|iPhone.ActiveCfg = Release|Any CPU
		{084DFA8B-8C41-49F7-86B6-B4D68103C742}.Ad-Hoc|iPhone.Build.0 = Release|Any CPU
		{084DFA8B-8C41-49F7-86B6-B4D68103C742}.Ad-Hoc|iPhone.Deploy.0 = Release|Any CPU
		{084DFA8B-8C41-49F7-86B6-B4D68103C742}.Ad-Hoc|iPhoneSimulator.ActiveCfg = Release|Any CPU
		{084DFA8B-8C41-49F7-86B6-B4D68103C742}.Ad-Hoc|iPhoneSimulator.Build.0 = Release|Any CPU
		{084DFA8B-8C41-49F7-86B6-B4D68103C742}.Ad-Hoc|iPhoneSimulator.Deploy.0 = Release|Any CPU
		{084DFA8B-8C41-49F7-86B6-B4D68103C742}.Ad-Hoc|x64.ActiveCfg = Release|Any CPU
		{084DFA8B-8C41-49F7-86B6-B4D68103C742}.Ad-Hoc|x64.Build.0 = Release|Any CPU
		{084DFA8B-8C41-49F7-86B6-B4D68103C742}.Ad-Hoc|x64.Deploy.0 = Release|Any CPU
		{084DFA8B-8C41-49F7-86B6-B4D68103C742}.Ad-Hoc|x86.ActiveCfg = Release|Any CPU
		{084DFA8B-8C41-49F7-86B6-B4D68103C742}.Ad-Hoc|x86.Build.0 = Release|Any CPU
		{084DFA8B-8C41-49F7-86B6-B4D68103C742}.Ad-Hoc|x86.Deploy.0 = Release|Any CPU
		{084DFA8B-8C41-49F7-86B6-B4D68103C742}.AppStore|Any CPU.ActiveCfg = Release|Any CPU
		{084DFA8B-8C41-49F7-86B6-B4D68103C742}.AppStore|Any CPU.Build.0 = Release|Any CPU
		{084DFA8B-8C41-49F7-86B6-B4D68103C742}.AppStore|Any CPU.Deploy.0 = Release|Any CPU
		{084DFA8B-8C41-49F7-86B6-B4D68103C742}.AppStore|ARM.ActiveCfg = Release|Any CPU
		{084DFA8B-8C41-49F7-86B6-B4D68103C742}.AppStore|ARM.Build.0 = Release|Any CPU
		{084DFA8B-8C41-49F7-86B6-B4D68103C742}.AppStore|ARM.Deploy.0 = Release|Any CPU
		{084DFA8B-8C41-49F7-86B6-B4D68103C742}.AppStore|iPhone.ActiveCfg = Release|Any CPU
		{084DFA8B-8C41-49F7-86B6-B4D68103C742}.AppStore|iPhone.Build.0 = Release|Any CPU
		{084DFA8B-8C41-49F7-86B6-B4D68103C742}.AppStore|iPhone.Deploy.0 = Release|Any CPU
		{084DFA8B-8C41-49F7-86B6-B4D68103C742}.AppStore|iPhoneSimulator.ActiveCfg = Release|Any CPU
		{084DFA8B-8C41-49F7-86B6-B4D68103C742}.AppStore|iPhoneSimulator.Build.0 = Release|Any CPU
		{084DFA8B-8C41-49F7-86B6-B4D68103C742}.AppStore|iPhoneSimulator.Deploy.0 = Release|Any CPU
		{084DFA8B-8C41-49F7-86B6-B4D68103C742}.AppStore|x64.ActiveCfg = Release|Any CPU
		{084DFA8B-8C41-49F7-86B6-B4D68103C742}.AppStore|x64.Build.0 = Release|Any CPU
		{084DFA8B-8C41-49F7-86B6-B4D68103C742}.AppStore|x64.Deploy.0 = Release|Any CPU
		{084DFA8B-8C41-49F7-86B6-B4D68103C742}.AppStore|x86.ActiveCfg = Release|Any CPU
		{084DFA8B-8C41-49F7-86B6-B4D68103C742}.AppStore|x86.Build.0 = Release|Any CPU
		{084DFA8B-8C41-49F7-86B6-B4D68103C742}.AppStore|x86.Deploy.0 = Release|Any CPU
		{084DFA8B-8C41-49F7-86B6-B4D68103C742}.Debug|Any CPU.ActiveCfg = Debug|Any CPU
		{084DFA8B-8C41-49F7-86B6-B4D68103C742}.Debug|Any CPU.Build.0 = Debug|Any CPU
		{084DFA8B-8C41-49F7-86B6-B4D68103C742}.Debug|Any CPU.Deploy.0 = Debug|Any CPU
		{084DFA8B-8C41-49F7-86B6-B4D68103C742}.Debug|ARM.ActiveCfg = Debug|Any CPU
		{084DFA8B-8C41-49F7-86B6-B4D68103C742}.Debug|ARM.Build.0 = Debug|Any CPU
		{084DFA8B-8C41-49F7-86B6-B4D68103C742}.Debug|ARM.Deploy.0 = Debug|Any CPU
		{084DFA8B-8C41-49F7-86B6-B4D68103C742}.Debug|iPhone.ActiveCfg = Debug|Any CPU
		{084DFA8B-8C41-49F7-86B6-B4D68103C742}.Debug|iPhone.Build.0 = Debug|Any CPU
		{084DFA8B-8C41-49F7-86B6-B4D68103C742}.Debug|iPhone.Deploy.0 = Debug|Any CPU
		{084DFA8B-8C41-49F7-86B6-B4D68103C742}.Debug|iPhoneSimulator.ActiveCfg = Debug|Any CPU
		{084DFA8B-8C41-49F7-86B6-B4D68103C742}.Debug|iPhoneSimulator.Build.0 = Debug|Any CPU
		{084DFA8B-8C41-49F7-86B6-B4D68103C742}.Debug|iPhoneSimulator.Deploy.0 = Debug|Any CPU
		{084DFA8B-8C41-49F7-86B6-B4D68103C742}.Debug|x64.ActiveCfg = Debug|Any CPU
		{084DFA8B-8C41-49F7-86B6-B4D68103C742}.Debug|x64.Build.0 = Debug|Any CPU
		{084DFA8B-8C41-49F7-86B6-B4D68103C742}.Debug|x64.Deploy.0 = Debug|Any CPU
		{084DFA8B-8C41-49F7-86B6-B4D68103C742}.Debug|x86.ActiveCfg = Debug|Any CPU
		{084DFA8B-8C41-49F7-86B6-B4D68103C742}.Debug|x86.Build.0 = Debug|Any CPU
		{084DFA8B-8C41-49F7-86B6-B4D68103C742}.Debug|x86.Deploy.0 = Debug|Any CPU
		{084DFA8B-8C41-49F7-86B6-B4D68103C742}.Release|Any CPU.ActiveCfg = Release|Any CPU
		{084DFA8B-8C41-49F7-86B6-B4D68103C742}.Release|Any CPU.Build.0 = Release|Any CPU
		{084DFA8B-8C41-49F7-86B6-B4D68103C742}.Release|Any CPU.Deploy.0 = Release|Any CPU
		{084DFA8B-8C41-49F7-86B6-B4D68103C742}.Release|ARM.ActiveCfg = Release|Any CPU
		{084DFA8B-8C41-49F7-86B6-B4D68103C742}.Release|ARM.Build.0 = Release|Any CPU
		{084DFA8B-8C41-49F7-86B6-B4D68103C742}.Release|ARM.Deploy.0 = Release|Any CPU
		{084DFA8B-8C41-49F7-86B6-B4D68103C742}.Release|iPhone.ActiveCfg = Release|Any CPU
		{084DFA8B-8C41-49F7-86B6-B4D68103C742}.Release|iPhone.Build.0 = Release|Any CPU
		{084DFA8B-8C41-49F7-86B6-B4D68103C742}.Release|iPhone.Deploy.0 = Release|Any CPU
		{084DFA8B-8C41-49F7-86B6-B4D68103C742}.Release|iPhoneSimulator.ActiveCfg = Release|Any CPU
		{084DFA8B-8C41-49F7-86B6-B4D68103C742}.Release|iPhoneSimulator.Build.0 = Release|Any CPU
		{084DFA8B-8C41-49F7-86B6-B4D68103C742}.Release|iPhoneSimulator.Deploy.0 = Release|Any CPU
		{084DFA8B-8C41-49F7-86B6-B4D68103C742}.Release|x64.ActiveCfg = Release|Any CPU
		{084DFA8B-8C41-49F7-86B6-B4D68103C742}.Release|x64.Build.0 = Release|Any CPU
		{084DFA8B-8C41-49F7-86B6-B4D68103C742}.Release|x64.Deploy.0 = Release|Any CPU
		{084DFA8B-8C41-49F7-86B6-B4D68103C742}.Release|x86.ActiveCfg = Release|Any CPU
		{084DFA8B-8C41-49F7-86B6-B4D68103C742}.Release|x86.Build.0 = Release|Any CPU
		{084DFA8B-8C41-49F7-86B6-B4D68103C742}.Release|x86.Deploy.0 = Release|Any CPU
		{6021113A-853F-4E54-9F10-5CB167119F9E}.Ad-Hoc|Any CPU.ActiveCfg = Release|Any CPU
		{6021113A-853F-4E54-9F10-5CB167119F9E}.Ad-Hoc|Any CPU.Build.0 = Release|Any CPU
		{6021113A-853F-4E54-9F10-5CB167119F9E}.Ad-Hoc|ARM.ActiveCfg = Release|Any CPU
		{6021113A-853F-4E54-9F10-5CB167119F9E}.Ad-Hoc|ARM.Build.0 = Release|Any CPU
		{6021113A-853F-4E54-9F10-5CB167119F9E}.Ad-Hoc|iPhone.ActiveCfg = Release|Any CPU
		{6021113A-853F-4E54-9F10-5CB167119F9E}.Ad-Hoc|iPhone.Build.0 = Release|Any CPU
		{6021113A-853F-4E54-9F10-5CB167119F9E}.Ad-Hoc|iPhoneSimulator.ActiveCfg = Release|Any CPU
		{6021113A-853F-4E54-9F10-5CB167119F9E}.Ad-Hoc|iPhoneSimulator.Build.0 = Release|Any CPU
		{6021113A-853F-4E54-9F10-5CB167119F9E}.Ad-Hoc|x64.ActiveCfg = Release|Any CPU
		{6021113A-853F-4E54-9F10-5CB167119F9E}.Ad-Hoc|x64.Build.0 = Release|Any CPU
		{6021113A-853F-4E54-9F10-5CB167119F9E}.Ad-Hoc|x86.ActiveCfg = Release|Any CPU
		{6021113A-853F-4E54-9F10-5CB167119F9E}.Ad-Hoc|x86.Build.0 = Release|Any CPU
		{6021113A-853F-4E54-9F10-5CB167119F9E}.AppStore|Any CPU.ActiveCfg = Release|Any CPU
		{6021113A-853F-4E54-9F10-5CB167119F9E}.AppStore|Any CPU.Build.0 = Release|Any CPU
		{6021113A-853F-4E54-9F10-5CB167119F9E}.AppStore|ARM.ActiveCfg = Release|Any CPU
		{6021113A-853F-4E54-9F10-5CB167119F9E}.AppStore|ARM.Build.0 = Release|Any CPU
		{6021113A-853F-4E54-9F10-5CB167119F9E}.AppStore|iPhone.ActiveCfg = Release|Any CPU
		{6021113A-853F-4E54-9F10-5CB167119F9E}.AppStore|iPhone.Build.0 = Release|Any CPU
		{6021113A-853F-4E54-9F10-5CB167119F9E}.AppStore|iPhoneSimulator.ActiveCfg = Release|Any CPU
		{6021113A-853F-4E54-9F10-5CB167119F9E}.AppStore|iPhoneSimulator.Build.0 = Release|Any CPU
		{6021113A-853F-4E54-9F10-5CB167119F9E}.AppStore|x64.ActiveCfg = Release|Any CPU
		{6021113A-853F-4E54-9F10-5CB167119F9E}.AppStore|x64.Build.0 = Release|Any CPU
		{6021113A-853F-4E54-9F10-5CB167119F9E}.AppStore|x86.ActiveCfg = Release|Any CPU
		{6021113A-853F-4E54-9F10-5CB167119F9E}.AppStore|x86.Build.0 = Release|Any CPU
		{6021113A-853F-4E54-9F10-5CB167119F9E}.Debug|Any CPU.ActiveCfg = Debug|Any CPU
		{6021113A-853F-4E54-9F10-5CB167119F9E}.Debug|Any CPU.Build.0 = Debug|Any CPU
		{6021113A-853F-4E54-9F10-5CB167119F9E}.Debug|ARM.ActiveCfg = Debug|Any CPU
		{6021113A-853F-4E54-9F10-5CB167119F9E}.Debug|ARM.Build.0 = Debug|Any CPU
		{6021113A-853F-4E54-9F10-5CB167119F9E}.Debug|iPhone.ActiveCfg = Debug|Any CPU
		{6021113A-853F-4E54-9F10-5CB167119F9E}.Debug|iPhone.Build.0 = Debug|Any CPU
		{6021113A-853F-4E54-9F10-5CB167119F9E}.Debug|iPhoneSimulator.ActiveCfg = Debug|Any CPU
		{6021113A-853F-4E54-9F10-5CB167119F9E}.Debug|iPhoneSimulator.Build.0 = Debug|Any CPU
		{6021113A-853F-4E54-9F10-5CB167119F9E}.Debug|x64.ActiveCfg = Debug|Any CPU
		{6021113A-853F-4E54-9F10-5CB167119F9E}.Debug|x64.Build.0 = Debug|Any CPU
		{6021113A-853F-4E54-9F10-5CB167119F9E}.Debug|x86.ActiveCfg = Debug|Any CPU
		{6021113A-853F-4E54-9F10-5CB167119F9E}.Debug|x86.Build.0 = Debug|Any CPU
		{6021113A-853F-4E54-9F10-5CB167119F9E}.Release|Any CPU.ActiveCfg = Release|Any CPU
		{6021113A-853F-4E54-9F10-5CB167119F9E}.Release|Any CPU.Build.0 = Release|Any CPU
		{6021113A-853F-4E54-9F10-5CB167119F9E}.Release|ARM.ActiveCfg = Release|Any CPU
		{6021113A-853F-4E54-9F10-5CB167119F9E}.Release|ARM.Build.0 = Release|Any CPU
		{6021113A-853F-4E54-9F10-5CB167119F9E}.Release|iPhone.ActiveCfg = Release|Any CPU
		{6021113A-853F-4E54-9F10-5CB167119F9E}.Release|iPhone.Build.0 = Release|Any CPU
		{6021113A-853F-4E54-9F10-5CB167119F9E}.Release|iPhoneSimulator.ActiveCfg = Release|Any CPU
		{6021113A-853F-4E54-9F10-5CB167119F9E}.Release|iPhoneSimulator.Build.0 = Release|Any CPU
		{6021113A-853F-4E54-9F10-5CB167119F9E}.Release|x64.ActiveCfg = Release|Any CPU
		{6021113A-853F-4E54-9F10-5CB167119F9E}.Release|x64.Build.0 = Release|Any CPU
		{6021113A-853F-4E54-9F10-5CB167119F9E}.Release|x86.ActiveCfg = Release|Any CPU
		{6021113A-853F-4E54-9F10-5CB167119F9E}.Release|x86.Build.0 = Release|Any CPU
		{EDAD68CA-E524-4C53-B754-E8887DD356DE}.Ad-Hoc|Any CPU.ActiveCfg = Release|x86
		{EDAD68CA-E524-4C53-B754-E8887DD356DE}.Ad-Hoc|Any CPU.Build.0 = Release|x86
		{EDAD68CA-E524-4C53-B754-E8887DD356DE}.Ad-Hoc|Any CPU.Deploy.0 = Release|x86
		{EDAD68CA-E524-4C53-B754-E8887DD356DE}.Ad-Hoc|ARM.ActiveCfg = Release|ARM
		{EDAD68CA-E524-4C53-B754-E8887DD356DE}.Ad-Hoc|ARM.Build.0 = Release|ARM
		{EDAD68CA-E524-4C53-B754-E8887DD356DE}.Ad-Hoc|ARM.Deploy.0 = Release|ARM
		{EDAD68CA-E524-4C53-B754-E8887DD356DE}.Ad-Hoc|iPhone.ActiveCfg = Release|x86
		{EDAD68CA-E524-4C53-B754-E8887DD356DE}.Ad-Hoc|iPhone.Build.0 = Release|x86
		{EDAD68CA-E524-4C53-B754-E8887DD356DE}.Ad-Hoc|iPhone.Deploy.0 = Release|x86
		{EDAD68CA-E524-4C53-B754-E8887DD356DE}.Ad-Hoc|iPhoneSimulator.ActiveCfg = Release|x86
		{EDAD68CA-E524-4C53-B754-E8887DD356DE}.Ad-Hoc|iPhoneSimulator.Build.0 = Release|x86
		{EDAD68CA-E524-4C53-B754-E8887DD356DE}.Ad-Hoc|iPhoneSimulator.Deploy.0 = Release|x86
		{EDAD68CA-E524-4C53-B754-E8887DD356DE}.Ad-Hoc|x64.ActiveCfg = Release|x64
		{EDAD68CA-E524-4C53-B754-E8887DD356DE}.Ad-Hoc|x64.Build.0 = Release|x64
		{EDAD68CA-E524-4C53-B754-E8887DD356DE}.Ad-Hoc|x64.Deploy.0 = Release|x64
		{EDAD68CA-E524-4C53-B754-E8887DD356DE}.Ad-Hoc|x86.ActiveCfg = Release|x86
		{EDAD68CA-E524-4C53-B754-E8887DD356DE}.Ad-Hoc|x86.Build.0 = Release|x86
		{EDAD68CA-E524-4C53-B754-E8887DD356DE}.Ad-Hoc|x86.Deploy.0 = Release|x86
		{EDAD68CA-E524-4C53-B754-E8887DD356DE}.AppStore|Any CPU.ActiveCfg = Release|x86
		{EDAD68CA-E524-4C53-B754-E8887DD356DE}.AppStore|Any CPU.Build.0 = Release|x86
		{EDAD68CA-E524-4C53-B754-E8887DD356DE}.AppStore|Any CPU.Deploy.0 = Release|x86
		{EDAD68CA-E524-4C53-B754-E8887DD356DE}.AppStore|ARM.ActiveCfg = Release|ARM
		{EDAD68CA-E524-4C53-B754-E8887DD356DE}.AppStore|ARM.Build.0 = Release|ARM
		{EDAD68CA-E524-4C53-B754-E8887DD356DE}.AppStore|ARM.Deploy.0 = Release|ARM
		{EDAD68CA-E524-4C53-B754-E8887DD356DE}.AppStore|iPhone.ActiveCfg = Release|x86
		{EDAD68CA-E524-4C53-B754-E8887DD356DE}.AppStore|iPhone.Build.0 = Release|x86
		{EDAD68CA-E524-4C53-B754-E8887DD356DE}.AppStore|iPhone.Deploy.0 = Release|x86
		{EDAD68CA-E524-4C53-B754-E8887DD356DE}.AppStore|iPhoneSimulator.ActiveCfg = Release|x86
		{EDAD68CA-E524-4C53-B754-E8887DD356DE}.AppStore|iPhoneSimulator.Build.0 = Release|x86
		{EDAD68CA-E524-4C53-B754-E8887DD356DE}.AppStore|iPhoneSimulator.Deploy.0 = Release|x86
		{EDAD68CA-E524-4C53-B754-E8887DD356DE}.AppStore|x64.ActiveCfg = Release|x64
		{EDAD68CA-E524-4C53-B754-E8887DD356DE}.AppStore|x64.Build.0 = Release|x64
		{EDAD68CA-E524-4C53-B754-E8887DD356DE}.AppStore|x64.Deploy.0 = Release|x64
		{EDAD68CA-E524-4C53-B754-E8887DD356DE}.AppStore|x86.ActiveCfg = Release|x86
		{EDAD68CA-E524-4C53-B754-E8887DD356DE}.AppStore|x86.Build.0 = Release|x86
		{EDAD68CA-E524-4C53-B754-E8887DD356DE}.AppStore|x86.Deploy.0 = Release|x86
		{EDAD68CA-E524-4C53-B754-E8887DD356DE}.Debug|Any CPU.ActiveCfg = Debug|x86
		{EDAD68CA-E524-4C53-B754-E8887DD356DE}.Debug|ARM.ActiveCfg = Debug|ARM
		{EDAD68CA-E524-4C53-B754-E8887DD356DE}.Debug|ARM.Build.0 = Debug|ARM
		{EDAD68CA-E524-4C53-B754-E8887DD356DE}.Debug|ARM.Deploy.0 = Debug|ARM
		{EDAD68CA-E524-4C53-B754-E8887DD356DE}.Debug|iPhone.ActiveCfg = Debug|x86
		{EDAD68CA-E524-4C53-B754-E8887DD356DE}.Debug|iPhoneSimulator.ActiveCfg = Debug|x86
		{EDAD68CA-E524-4C53-B754-E8887DD356DE}.Debug|x64.ActiveCfg = Debug|x64
		{EDAD68CA-E524-4C53-B754-E8887DD356DE}.Debug|x64.Build.0 = Debug|x64
		{EDAD68CA-E524-4C53-B754-E8887DD356DE}.Debug|x64.Deploy.0 = Debug|x64
		{EDAD68CA-E524-4C53-B754-E8887DD356DE}.Debug|x86.ActiveCfg = Debug|x86
		{EDAD68CA-E524-4C53-B754-E8887DD356DE}.Debug|x86.Build.0 = Debug|x86
		{EDAD68CA-E524-4C53-B754-E8887DD356DE}.Debug|x86.Deploy.0 = Debug|x86
		{EDAD68CA-E524-4C53-B754-E8887DD356DE}.Release|Any CPU.ActiveCfg = Release|x86
		{EDAD68CA-E524-4C53-B754-E8887DD356DE}.Release|ARM.ActiveCfg = Release|ARM
		{EDAD68CA-E524-4C53-B754-E8887DD356DE}.Release|ARM.Build.0 = Release|ARM
		{EDAD68CA-E524-4C53-B754-E8887DD356DE}.Release|ARM.Deploy.0 = Release|ARM
		{EDAD68CA-E524-4C53-B754-E8887DD356DE}.Release|iPhone.ActiveCfg = Release|x86
		{EDAD68CA-E524-4C53-B754-E8887DD356DE}.Release|iPhoneSimulator.ActiveCfg = Release|x86
		{EDAD68CA-E524-4C53-B754-E8887DD356DE}.Release|x64.ActiveCfg = Release|x64
		{EDAD68CA-E524-4C53-B754-E8887DD356DE}.Release|x64.Build.0 = Release|x64
		{EDAD68CA-E524-4C53-B754-E8887DD356DE}.Release|x64.Deploy.0 = Release|x64
		{EDAD68CA-E524-4C53-B754-E8887DD356DE}.Release|x86.ActiveCfg = Release|x86
		{EDAD68CA-E524-4C53-B754-E8887DD356DE}.Release|x86.Build.0 = Release|x86
		{EDAD68CA-E524-4C53-B754-E8887DD356DE}.Release|x86.Deploy.0 = Release|x86
		{83EA7CC3-5F9F-4CDF-B1E2-54244E20EFE4}.Ad-Hoc|Any CPU.ActiveCfg = Ad-Hoc|iPhoneSimulator
		{83EA7CC3-5F9F-4CDF-B1E2-54244E20EFE4}.Ad-Hoc|ARM.ActiveCfg = Ad-Hoc|iPhone
		{83EA7CC3-5F9F-4CDF-B1E2-54244E20EFE4}.Ad-Hoc|iPhone.ActiveCfg = Ad-Hoc|iPhone
		{83EA7CC3-5F9F-4CDF-B1E2-54244E20EFE4}.Ad-Hoc|iPhone.Build.0 = Ad-Hoc|iPhone
		{83EA7CC3-5F9F-4CDF-B1E2-54244E20EFE4}.Ad-Hoc|iPhoneSimulator.ActiveCfg = Ad-Hoc|iPhoneSimulator
		{83EA7CC3-5F9F-4CDF-B1E2-54244E20EFE4}.Ad-Hoc|iPhoneSimulator.Build.0 = Ad-Hoc|iPhoneSimulator
		{83EA7CC3-5F9F-4CDF-B1E2-54244E20EFE4}.Ad-Hoc|x64.ActiveCfg = Ad-Hoc|iPhone
		{83EA7CC3-5F9F-4CDF-B1E2-54244E20EFE4}.Ad-Hoc|x86.ActiveCfg = Ad-Hoc|iPhone
		{83EA7CC3-5F9F-4CDF-B1E2-54244E20EFE4}.AppStore|Any CPU.ActiveCfg = AppStore|iPhoneSimulator
		{83EA7CC3-5F9F-4CDF-B1E2-54244E20EFE4}.AppStore|ARM.ActiveCfg = AppStore|iPhone
		{83EA7CC3-5F9F-4CDF-B1E2-54244E20EFE4}.AppStore|iPhone.ActiveCfg = AppStore|iPhone
		{83EA7CC3-5F9F-4CDF-B1E2-54244E20EFE4}.AppStore|iPhone.Build.0 = AppStore|iPhone
		{83EA7CC3-5F9F-4CDF-B1E2-54244E20EFE4}.AppStore|iPhoneSimulator.ActiveCfg = AppStore|iPhoneSimulator
		{83EA7CC3-5F9F-4CDF-B1E2-54244E20EFE4}.AppStore|iPhoneSimulator.Build.0 = AppStore|iPhoneSimulator
		{83EA7CC3-5F9F-4CDF-B1E2-54244E20EFE4}.AppStore|x64.ActiveCfg = AppStore|iPhone
		{83EA7CC3-5F9F-4CDF-B1E2-54244E20EFE4}.AppStore|x86.ActiveCfg = AppStore|iPhone
		{83EA7CC3-5F9F-4CDF-B1E2-54244E20EFE4}.Debug|Any CPU.ActiveCfg = Debug|iPhoneSimulator
		{83EA7CC3-5F9F-4CDF-B1E2-54244E20EFE4}.Debug|ARM.ActiveCfg = Debug|iPhone
		{83EA7CC3-5F9F-4CDF-B1E2-54244E20EFE4}.Debug|iPhone.ActiveCfg = Debug|iPhone
		{83EA7CC3-5F9F-4CDF-B1E2-54244E20EFE4}.Debug|iPhone.Build.0 = Debug|iPhone
		{83EA7CC3-5F9F-4CDF-B1E2-54244E20EFE4}.Debug|iPhoneSimulator.ActiveCfg = Debug|iPhoneSimulator
		{83EA7CC3-5F9F-4CDF-B1E2-54244E20EFE4}.Debug|iPhoneSimulator.Build.0 = Debug|iPhoneSimulator
		{83EA7CC3-5F9F-4CDF-B1E2-54244E20EFE4}.Debug|x64.ActiveCfg = Debug|iPhone
		{83EA7CC3-5F9F-4CDF-B1E2-54244E20EFE4}.Debug|x86.ActiveCfg = Debug|iPhone
		{83EA7CC3-5F9F-4CDF-B1E2-54244E20EFE4}.Release|Any CPU.ActiveCfg = Release|iPhoneSimulator
		{83EA7CC3-5F9F-4CDF-B1E2-54244E20EFE4}.Release|ARM.ActiveCfg = Release|iPhone
		{83EA7CC3-5F9F-4CDF-B1E2-54244E20EFE4}.Release|iPhone.ActiveCfg = Release|iPhone
		{83EA7CC3-5F9F-4CDF-B1E2-54244E20EFE4}.Release|iPhone.Build.0 = Release|iPhone
		{83EA7CC3-5F9F-4CDF-B1E2-54244E20EFE4}.Release|iPhoneSimulator.ActiveCfg = Release|iPhoneSimulator
		{83EA7CC3-5F9F-4CDF-B1E2-54244E20EFE4}.Release|iPhoneSimulator.Build.0 = Release|iPhoneSimulator
		{83EA7CC3-5F9F-4CDF-B1E2-54244E20EFE4}.Release|x64.ActiveCfg = Release|iPhone
		{83EA7CC3-5F9F-4CDF-B1E2-54244E20EFE4}.Release|x86.ActiveCfg = Release|iPhone
	EndGlobalSection
	GlobalSection(SolutionProperties) = preSolution
		HideSolutionNode = FALSE
	EndGlobalSection
	GlobalSection(ExtensibilityGlobals) = postSolution
		SolutionGuid = {3AC76FB1-4C8B-46D1-87AE-A9D873200DBE}
	EndGlobalSection
EndGlobal
