
Microsoft Visual Studio Solution File, Format Version 11.00
# Visual Studio 2010
Project("{FAE04EC0-301F-11D3-BF4B-00C04F79EFBC}") = "MWC.Core.MT", "MWC.Core\MWC.Core.MT.csproj", "{CAA47381-0DBB-461D-8EB6-4D00AC453656}"
EndProject
Project("{FAE04EC0-301F-11D3-BF4B-00C04F79EFBC}") = "MWC.iOS", "MWC.iOS\MWC.iOS.csproj", "{D102E44A-1BE6-4B20-906F-F4DD5B1D3AED}"
EndProject
Global
	GlobalSection(SolutionConfigurationPlatforms) = preSolution
		Debug|iPhoneSimulator = Debug|iPhoneSimulator
		Release|iPhoneSimulator = Release|iPhoneSimulator
		Debug|iPhone = Debug|iPhone
		Release|iPhone = Release|iPhone
		Distribution|iPhone = Distribution|iPhone
		AdHoc|iPhone = AdHoc|iPhone
	EndGlobalSection
	GlobalSection(ProjectConfigurationPlatforms) = postSolution
		{CAA47381-0DBB-461D-8EB6-4D00AC453656}.AdHoc|iPhone.ActiveCfg = AdHoc|iPhone
		{CAA47381-0DBB-461D-8EB6-4D00AC453656}.AdHoc|iPhone.Build.0 = AdHoc|iPhone
		{CAA47381-0DBB-461D-8EB6-4D00AC453656}.Debug|iPhone.ActiveCfg = Debug|iPhone
		{CAA47381-0DBB-461D-8EB6-4D00AC453656}.Debug|iPhone.Build.0 = Debug|iPhone
		{CAA47381-0DBB-461D-8EB6-4D00AC453656}.Debug|iPhoneSimulator.ActiveCfg = Debug|iPhoneSimulator
		{CAA47381-0DBB-461D-8EB6-4D00AC453656}.Debug|iPhoneSimulator.Build.0 = Debug|iPhoneSimulator
		{CAA47381-0DBB-461D-8EB6-4D00AC453656}.Distribution|iPhone.ActiveCfg = Distribution|iPhone
		{CAA47381-0DBB-461D-8EB6-4D00AC453656}.Distribution|iPhone.Build.0 = Distribution|iPhone
		{CAA47381-0DBB-461D-8EB6-4D00AC453656}.Release|iPhone.ActiveCfg = Release|iPhone
		{CAA47381-0DBB-461D-8EB6-4D00AC453656}.Release|iPhone.Build.0 = Release|iPhone
		{CAA47381-0DBB-461D-8EB6-4D00AC453656}.Release|iPhoneSimulator.ActiveCfg = Release|iPhoneSimulator
		{CAA47381-0DBB-461D-8EB6-4D00AC453656}.Release|iPhoneSimulator.Build.0 = Release|iPhoneSimulator
		{D102E44A-1BE6-4B20-906F-F4DD5B1D3AED}.AdHoc|iPhone.ActiveCfg = AdHoc|iPhone
		{D102E44A-1BE6-4B20-906F-F4DD5B1D3AED}.AdHoc|iPhone.Build.0 = AdHoc|iPhone
		{D102E44A-1BE6-4B20-906F-F4DD5B1D3AED}.Debug|iPhone.ActiveCfg = Debug|iPhone
		{D102E44A-1BE6-4B20-906F-F4DD5B1D3AED}.Debug|iPhone.Build.0 = Debug|iPhone
		{D102E44A-1BE6-4B20-906F-F4DD5B1D3AED}.Debug|iPhoneSimulator.ActiveCfg = Debug|iPhoneSimulator
		{D102E44A-1BE6-4B20-906F-F4DD5B1D3AED}.Debug|iPhoneSimulator.Build.0 = Debug|iPhoneSimulator
		{D102E44A-1BE6-4B20-906F-F4DD5B1D3AED}.Distribution|iPhone.ActiveCfg = Distribution|iPhone
		{D102E44A-1BE6-4B20-906F-F4DD5B1D3AED}.Distribution|iPhone.Build.0 = Distribution|iPhone
		{D102E44A-1BE6-4B20-906F-F4DD5B1D3AED}.Release|iPhone.ActiveCfg = Release|iPhone
		{D102E44A-1BE6-4B20-906F-F4DD5B1D3AED}.Release|iPhone.Build.0 = Release|iPhone
		{D102E44A-1BE6-4B20-906F-F4DD5B1D3AED}.Release|iPhoneSimulator.ActiveCfg = Release|iPhoneSimulator
		{D102E44A-1BE6-4B20-906F-F4DD5B1D3AED}.Release|iPhoneSimulator.Build.0 = Release|iPhoneSimulator
		
	EndGlobalSection
	GlobalSection(MonoDevelopProperties) = preSolution
		StartupItem = MWC.iOS\MWC.iOS.csproj
		description = iPad support
		version = 1.2
	EndGlobalSection
EndGlobal
