
Microsoft Visual Studio Solution File, Format Version 12.00
# Visual Studio 2013
VisualStudioVersion = 12.0.21005.1
MinimumVisualStudioVersion = 10.0.40219.1
Project("{FAE04EC0-301F-11D3-BF4B-00C04F79EFBC}") = "iOS_VisualStudio", "iOS\iOS_VisualStudio.csproj", "{BCA8A044-DF11-40EC-9AE4-770EB93C4246}"
EndProject
Project("{FAE04EC0-301F-11D3-BF4B-00C04F79EFBC}") = "Android_VisualStudio", "Android\Android_VisualStudio.csproj", "{3ADA945D-6F2C-4338-A2BA-161062DA4267}"
EndProject
Project("{FAE04EC0-301F-11D3-BF4B-00C04F79EFBC}") = "Core", "Core\Core.csproj", "{A7DD5DF5-250C-470E-BD45-6D5FDAF67FA5}"
EndProject
Global
	GlobalSection(SolutionConfigurationPlatforms) = preSolution
		Ad-Hoc|Any CPU = Ad-Hoc|Any CPU
		Ad-Hoc|iPhone = Ad-Hoc|iPhone
		Ad-Hoc|iPhoneSimulator = Ad-Hoc|iPhoneSimulator
		AppStore|Any CPU = AppStore|Any CPU
		AppStore|iPhone = AppStore|iPhone
		AppStore|iPhoneSimulator = AppStore|iPhoneSimulator
		Debug|Any CPU = Debug|Any CPU
		Debug|iPhone = Debug|iPhone
		Debug|iPhoneSimulator = Debug|iPhoneSimulator
		Release|Any CPU = Release|Any CPU
		Release|iPhone = Release|iPhone
		Release|iPhoneSimulator = Release|iPhoneSimulator
	EndGlobalSection
	GlobalSection(ProjectConfigurationPlatforms) = postSolution
		{BCA8A044-DF11-40EC-9AE4-770EB93C4246}.Ad-Hoc|Any CPU.ActiveCfg = Ad-Hoc|iPhone
		{BCA8A044-DF11-40EC-9AE4-770EB93C4246}.Ad-Hoc|Any CPU.Build.0 = Ad-Hoc|iPhone
		{BCA8A044-DF11-40EC-9AE4-770EB93C4246}.Ad-Hoc|iPhone.ActiveCfg = Ad-Hoc|iPhone
		{BCA8A044-DF11-40EC-9AE4-770EB93C4246}.Ad-Hoc|iPhone.Build.0 = Ad-Hoc|iPhone
		{BCA8A044-DF11-40EC-9AE4-770EB93C4246}.Ad-Hoc|iPhoneSimulator.ActiveCfg = Ad-Hoc|iPhoneSimulator
		{BCA8A044-DF11-40EC-9AE4-770EB93C4246}.Ad-Hoc|iPhoneSimulator.Build.0 = Ad-Hoc|iPhoneSimulator
		{BCA8A044-DF11-40EC-9AE4-770EB93C4246}.AppStore|Any CPU.ActiveCfg = AppStore|iPhone
		{BCA8A044-DF11-40EC-9AE4-770EB93C4246}.AppStore|Any CPU.Build.0 = AppStore|iPhone
		{BCA8A044-DF11-40EC-9AE4-770EB93C4246}.AppStore|iPhone.ActiveCfg = AppStore|iPhone
		{BCA8A044-DF11-40EC-9AE4-770EB93C4246}.AppStore|iPhone.Build.0 = AppStore|iPhone
		{BCA8A044-DF11-40EC-9AE4-770EB93C4246}.AppStore|iPhoneSimulator.ActiveCfg = AppStore|iPhoneSimulator
		{BCA8A044-DF11-40EC-9AE4-770EB93C4246}.AppStore|iPhoneSimulator.Build.0 = AppStore|iPhoneSimulator
		{BCA8A044-DF11-40EC-9AE4-770EB93C4246}.Debug|Any CPU.ActiveCfg = Debug|iPhone
		{BCA8A044-DF11-40EC-9AE4-770EB93C4246}.Debug|Any CPU.Build.0 = Debug|iPhone
		{BCA8A044-DF11-40EC-9AE4-770EB93C4246}.Debug|iPhone.ActiveCfg = Debug|iPhone
		{BCA8A044-DF11-40EC-9AE4-770EB93C4246}.Debug|iPhone.Build.0 = Debug|iPhone
		{BCA8A044-DF11-40EC-9AE4-770EB93C4246}.Debug|iPhone.Deploy.0 = Debug|iPhone
		{BCA8A044-DF11-40EC-9AE4-770EB93C4246}.Debug|iPhoneSimulator.ActiveCfg = Debug|iPhoneSimulator
		{BCA8A044-DF11-40EC-9AE4-770EB93C4246}.Debug|iPhoneSimulator.Build.0 = Debug|iPhoneSimulator
		{BCA8A044-DF11-40EC-9AE4-770EB93C4246}.Release|Any CPU.ActiveCfg = Release|iPhone
		{BCA8A044-DF11-40EC-9AE4-770EB93C4246}.Release|Any CPU.Build.0 = Release|iPhone
		{BCA8A044-DF11-40EC-9AE4-770EB93C4246}.Release|iPhone.ActiveCfg = Release|iPhone
		{BCA8A044-DF11-40EC-9AE4-770EB93C4246}.Release|iPhone.Build.0 = Release|iPhone
		{BCA8A044-DF11-40EC-9AE4-770EB93C4246}.Release|iPhoneSimulator.ActiveCfg = Release|iPhoneSimulator
		{BCA8A044-DF11-40EC-9AE4-770EB93C4246}.Release|iPhoneSimulator.Build.0 = Release|iPhoneSimulator
		{3ADA945D-6F2C-4338-A2BA-161062DA4267}.Ad-Hoc|Any CPU.ActiveCfg = Release|Any CPU
		{3ADA945D-6F2C-4338-A2BA-161062DA4267}.Ad-Hoc|Any CPU.Build.0 = Release|Any CPU
		{3ADA945D-6F2C-4338-A2BA-161062DA4267}.Ad-Hoc|iPhone.ActiveCfg = Release|Any CPU
		{3ADA945D-6F2C-4338-A2BA-161062DA4267}.Ad-Hoc|iPhone.Build.0 = Release|Any CPU
		{3ADA945D-6F2C-4338-A2BA-161062DA4267}.Ad-Hoc|iPhoneSimulator.ActiveCfg = Debug|Any CPU
		{3ADA945D-6F2C-4338-A2BA-161062DA4267}.AppStore|Any CPU.ActiveCfg = Release|Any CPU
		{3ADA945D-6F2C-4338-A2BA-161062DA4267}.AppStore|Any CPU.Build.0 = Release|Any CPU
		{3ADA945D-6F2C-4338-A2BA-161062DA4267}.AppStore|iPhone.ActiveCfg = Release|Any CPU
		{3ADA945D-6F2C-4338-A2BA-161062DA4267}.AppStore|iPhone.Build.0 = Release|Any CPU
		{3ADA945D-6F2C-4338-A2BA-161062DA4267}.AppStore|iPhoneSimulator.ActiveCfg = Debug|Any CPU
		{3ADA945D-6F2C-4338-A2BA-161062DA4267}.Debug|Any CPU.ActiveCfg = Debug|Any CPU
		{3ADA945D-6F2C-4338-A2BA-161062DA4267}.Debug|Any CPU.Build.0 = Debug|Any CPU
		{3ADA945D-6F2C-4338-A2BA-161062DA4267}.Debug|Any CPU.Deploy.0 = Debug|Any CPU
		{3ADA945D-6F2C-4338-A2BA-161062DA4267}.Debug|iPhone.ActiveCfg = Debug|Any CPU
		{3ADA945D-6F2C-4338-A2BA-161062DA4267}.Debug|iPhone.Build.0 = Debug|Any CPU
		{3ADA945D-6F2C-4338-A2BA-161062DA4267}.Debug|iPhoneSimulator.ActiveCfg = Debug|Any CPU
		{3ADA945D-6F2C-4338-A2BA-161062DA4267}.Debug|iPhoneSimulator.Build.0 = Debug|Any CPU
		{3ADA945D-6F2C-4338-A2BA-161062DA4267}.Release|Any CPU.ActiveCfg = Release|Any CPU
		{3ADA945D-6F2C-4338-A2BA-161062DA4267}.Release|Any CPU.Build.0 = Release|Any CPU
		{3ADA945D-6F2C-4338-A2BA-161062DA4267}.Release|Any CPU.Deploy.0 = Release|Any CPU
		{3ADA945D-6F2C-4338-A2BA-161062DA4267}.Release|iPhone.ActiveCfg = Release|Any CPU
		{3ADA945D-6F2C-4338-A2BA-161062DA4267}.Release|iPhone.Build.0 = Release|Any CPU
		{3ADA945D-6F2C-4338-A2BA-161062DA4267}.Release|iPhoneSimulator.ActiveCfg = Release|Any CPU
		{3ADA945D-6F2C-4338-A2BA-161062DA4267}.Release|iPhoneSimulator.Build.0 = Release|Any CPU
		{A7DD5DF5-250C-470E-BD45-6D5FDAF67FA5}.Ad-Hoc|Any CPU.ActiveCfg = Release|Any CPU
		{A7DD5DF5-250C-470E-BD45-6D5FDAF67FA5}.Ad-Hoc|iPhone.ActiveCfg = Release|Any CPU
		{A7DD5DF5-250C-470E-BD45-6D5FDAF67FA5}.Ad-Hoc|iPhoneSimulator.ActiveCfg = Debug|Any CPU
		{A7DD5DF5-250C-470E-BD45-6D5FDAF67FA5}.AppStore|Any CPU.ActiveCfg = Release|Any CPU
		{A7DD5DF5-250C-470E-BD45-6D5FDAF67FA5}.AppStore|iPhone.ActiveCfg = Release|Any CPU
		{A7DD5DF5-250C-470E-BD45-6D5FDAF67FA5}.AppStore|iPhoneSimulator.ActiveCfg = Debug|Any CPU
		{A7DD5DF5-250C-470E-BD45-6D5FDAF67FA5}.Debug|Any CPU.ActiveCfg = Debug|Any CPU
		{A7DD5DF5-250C-470E-BD45-6D5FDAF67FA5}.Debug|iPhone.ActiveCfg = Debug|Any CPU
		{A7DD5DF5-250C-470E-BD45-6D5FDAF67FA5}.Debug|iPhoneSimulator.ActiveCfg = Debug|Any CPU
		{A7DD5DF5-250C-470E-BD45-6D5FDAF67FA5}.Release|Any CPU.ActiveCfg = Release|Any CPU
		{A7DD5DF5-250C-470E-BD45-6D5FDAF67FA5}.Release|iPhone.ActiveCfg = Release|Any CPU
		{A7DD5DF5-250C-470E-BD45-6D5FDAF67FA5}.Release|iPhoneSimulator.ActiveCfg = Release|Any CPU
	EndGlobalSection
	GlobalSection(SolutionProperties) = preSolution
		HideSolutionNode = FALSE
	EndGlobalSection
	GlobalSection(MonoDevelopProperties) = preSolution
		StartupItem = iOS\iOS.csproj
	EndGlobalSection
EndGlobal
