
Microsoft Visual Studio Solution File, Format Version 12.00
# Visual Studio 2012
VisualStudioVersion = 12.0.30501.0
MinimumVisualStudioVersion = 10.0.40219.1
Project("{FAE04EC0-301F-11D3-BF4B-00C04F79EFBC}") = "CreditCardValidation.iOS", "CreditCardValidation.iOS\CreditCardValidation.iOS.csproj", "{123DF1F8-5307-4ECF-BCB6-941FA24B0AFC}"
EndProject
Project("{FAE04EC0-301F-11D3-BF4B-00C04F79EFBC}") = "CreditCardValidation.Droid", "CreditCardValidation.Droid\CreditCardValidation.Droid.csproj", "{268808CD-AFEC-4E7F-AA51-5D972C0678CA}"
EndProject
Project("{FAE04EC0-301F-11D3-BF4B-00C04F79EFBC}") = "CreditCardValidation.Common", "CreditCardValidation.Common\CreditCardValidation.Common.csproj", "{760D4FE0-D2A8-4B59-9B2F-815C9453D17F}"
EndProject
Global
	GlobalSection(SolutionConfigurationPlatforms) = preSolution
		Debug|Any CPU = Debug|Any CPU
		Debug|iPhone = Debug|iPhone
		Debug|iPhoneSimulator = Debug|iPhoneSimulator
		Release|Any CPU = Release|Any CPU
		Release|iPhone = Release|iPhone
		Release|iPhoneSimulator = Release|iPhoneSimulator
	EndGlobalSection
	GlobalSection(ProjectConfigurationPlatforms) = postSolution
		{123DF1F8-5307-4ECF-BCB6-941FA24B0AFC}.Debug|Any CPU.ActiveCfg = Debug|iPhoneSimulator
		{123DF1F8-5307-4ECF-BCB6-941FA24B0AFC}.Debug|Any CPU.Build.0 = Debug|iPhoneSimulator
		{123DF1F8-5307-4ECF-BCB6-941FA24B0AFC}.Debug|iPhone.ActiveCfg = Debug|iPhone
		{123DF1F8-5307-4ECF-BCB6-941FA24B0AFC}.Debug|iPhone.Build.0 = Debug|iPhone
		{123DF1F8-5307-4ECF-BCB6-941FA24B0AFC}.Debug|iPhoneSimulator.ActiveCfg = Debug|iPhoneSimulator
		{123DF1F8-5307-4ECF-BCB6-941FA24B0AFC}.Debug|iPhoneSimulator.Build.0 = Debug|iPhoneSimulator
		{123DF1F8-5307-4ECF-BCB6-941FA24B0AFC}.Release|Any CPU.ActiveCfg = Release|iPhoneSimulator
		{123DF1F8-5307-4ECF-BCB6-941FA24B0AFC}.Release|Any CPU.Build.0 = Release|iPhoneSimulator
		{123DF1F8-5307-4ECF-BCB6-941FA24B0AFC}.Release|iPhone.ActiveCfg = Release|iPhone
		{123DF1F8-5307-4ECF-BCB6-941FA24B0AFC}.Release|iPhone.Build.0 = Release|iPhone
		{123DF1F8-5307-4ECF-BCB6-941FA24B0AFC}.Release|iPhoneSimulator.ActiveCfg = Release|iPhoneSimulator
		{123DF1F8-5307-4ECF-BCB6-941FA24B0AFC}.Release|iPhoneSimulator.Build.0 = Release|iPhoneSimulator
		{268808CD-AFEC-4E7F-AA51-5D972C0678CA}.Debug|Any CPU.ActiveCfg = Debug|Any CPU
		{268808CD-AFEC-4E7F-AA51-5D972C0678CA}.Debug|Any CPU.Build.0 = Debug|Any CPU
		{268808CD-AFEC-4E7F-AA51-5D972C0678CA}.Debug|Any CPU.Deploy.0 = Debug|Any CPU
		{268808CD-AFEC-4E7F-AA51-5D972C0678CA}.Debug|iPhone.ActiveCfg = Debug|Any CPU
		{268808CD-AFEC-4E7F-AA51-5D972C0678CA}.Debug|iPhone.Build.0 = Debug|Any CPU
		{268808CD-AFEC-4E7F-AA51-5D972C0678CA}.Debug|iPhoneSimulator.ActiveCfg = Debug|Any CPU
		{268808CD-AFEC-4E7F-AA51-5D972C0678CA}.Debug|iPhoneSimulator.Build.0 = Debug|Any CPU
		{268808CD-AFEC-4E7F-AA51-5D972C0678CA}.Release|Any CPU.ActiveCfg = Release|Any CPU
		{268808CD-AFEC-4E7F-AA51-5D972C0678CA}.Release|Any CPU.Build.0 = Release|Any CPU
		{268808CD-AFEC-4E7F-AA51-5D972C0678CA}.Release|Any CPU.Deploy.0 = Release|Any CPU
		{268808CD-AFEC-4E7F-AA51-5D972C0678CA}.Release|iPhone.ActiveCfg = Release|Any CPU
		{268808CD-AFEC-4E7F-AA51-5D972C0678CA}.Release|iPhone.Build.0 = Release|Any CPU
		{268808CD-AFEC-4E7F-AA51-5D972C0678CA}.Release|iPhoneSimulator.ActiveCfg = Release|Any CPU
		{268808CD-AFEC-4E7F-AA51-5D972C0678CA}.Release|iPhoneSimulator.Build.0 = Release|Any CPU
		{760D4FE0-D2A8-4B59-9B2F-815C9453D17F}.Debug|Any CPU.ActiveCfg = Debug|Any CPU
		{760D4FE0-D2A8-4B59-9B2F-815C9453D17F}.Debug|Any CPU.Build.0 = Debug|Any CPU
		{760D4FE0-D2A8-4B59-9B2F-815C9453D17F}.Debug|iPhone.ActiveCfg = Debug|Any CPU
		{760D4FE0-D2A8-4B59-9B2F-815C9453D17F}.Debug|iPhone.Build.0 = Debug|Any CPU
		{760D4FE0-D2A8-4B59-9B2F-815C9453D17F}.Debug|iPhoneSimulator.ActiveCfg = Debug|Any CPU
		{760D4FE0-D2A8-4B59-9B2F-815C9453D17F}.Debug|iPhoneSimulator.Build.0 = Debug|Any CPU
		{760D4FE0-D2A8-4B59-9B2F-815C9453D17F}.Release|Any CPU.ActiveCfg = Release|Any CPU
		{760D4FE0-D2A8-4B59-9B2F-815C9453D17F}.Release|Any CPU.Build.0 = Release|Any CPU
		{760D4FE0-D2A8-4B59-9B2F-815C9453D17F}.Release|iPhone.ActiveCfg = Release|Any CPU
		{760D4FE0-D2A8-4B59-9B2F-815C9453D17F}.Release|iPhone.Build.0 = Release|Any CPU
		{760D4FE0-D2A8-4B59-9B2F-815C9453D17F}.Release|iPhoneSimulator.ActiveCfg = Release|Any CPU
		{760D4FE0-D2A8-4B59-9B2F-815C9453D17F}.Release|iPhoneSimulator.Build.0 = Release|Any CPU
	EndGlobalSection
	GlobalSection(MonoDevelopProperties) = preSolution
		StartupItem = CreditCardValidation.Droid\CreditCardValidation.Droid.csproj
	EndGlobalSection
	GlobalSection(SolutionProperties) = preSolution
		HideSolutionNode = FALSE
	EndGlobalSection
EndGlobal
