
Microsoft Visual Studio Solution File, Format Version 12.00
# Visual Studio 2013
VisualStudioVersion = 12.0.31101.0
MinimumVisualStudioVersion = 10.0.40219.1
Project("{FAE04EC0-301F-11D3-BF4B-00C04F79EFBC}") = "CoinTime", "CoinTime\CoinTime.csproj", "{9AE41D3A-1C5F-4EE1-9AE1-A46579FC3B4A}"
EndProject
Global
	GlobalSection(SolutionConfigurationPlatforms) = preSolution
		Debug|Any CPU = Debug|Any CPU
		Release|Any CPU = Release|Any CPU
	EndGlobalSection
	GlobalSection(ProjectConfigurationPlatforms) = postSolution
		{9AE41D3A-1C5F-4EE1-9AE1-A46579FC3B4A}.Debug|Any CPU.ActiveCfg = Debug|Any CPU
		{9AE41D3A-1C5F-4EE1-9AE1-A46579FC3B4A}.Debug|Any CPU.Build.0 = Debug|Any CPU
		{9AE41D3A-1C5F-4EE1-9AE1-A46579FC3B4A}.Debug|Any CPU.Deploy.0 = Debug|Any CPU
		{9AE41D3A-1C5F-4EE1-9AE1-A46579FC3B4A}.Release|Any CPU.ActiveCfg = Release|Any CPU
		{9AE41D3A-1C5F-4EE1-9AE1-A46579FC3B4A}.Release|Any CPU.Build.0 = Release|Any CPU
	EndGlobalSection
	GlobalSection(SolutionProperties) = preSolution
		HideSolutionNode = FALSE
	EndGlobalSection
EndGlobal
