
Microsoft Visual Studio Solution File, Format Version 11.00
# Visual Studio 2010
Project("{FAE04EC0-301F-11D3-BF4B-00C04F79EFBC}") = "TaskyDroid", "TaskyDroid.csproj", "{82F04C1E-2F0D-4396-ADC3-BC9EADEE8E7E}"
EndProject
Project("{FAE04EC0-301F-11D3-BF4B-00C04F79EFBC}") = "Tasky.Core.MD", "..\Tasky.Core.MD\Tasky.Core.MD.csproj", "{508E0D21-01E5-4A8C-A09F-AC121EDADEB8}"
EndProject
Global
	GlobalSection(SolutionConfigurationPlatforms) = preSolution
		Debug|Any CPU = Debug|Any CPU
		Release|Any CPU = Release|Any CPU
		Debug|iPhoneSimulator = Debug|iPhoneSimulator
		Release|iPhoneSimulator = Release|iPhoneSimulator
		Debug|iPhone = Debug|iPhone
		Release|iPhone = Release|iPhone
	EndGlobalSection
	GlobalSection(ProjectConfigurationPlatforms) = postSolution
		{508E0D21-01E5-4A8C-A09F-AC121EDADEB8}.Debug|Any CPU.ActiveCfg = Debug|Any CPU
		{508E0D21-01E5-4A8C-A09F-AC121EDADEB8}.Debug|Any CPU.Build.0 = Debug|Any CPU
		{508E0D21-01E5-4A8C-A09F-AC121EDADEB8}.Debug|iPhone.ActiveCfg = Debug|Any CPU
		{508E0D21-01E5-4A8C-A09F-AC121EDADEB8}.Debug|iPhone.Build.0 = Debug|Any CPU
		{508E0D21-01E5-4A8C-A09F-AC121EDADEB8}.Debug|iPhoneSimulator.ActiveCfg = Debug|Any CPU
		{508E0D21-01E5-4A8C-A09F-AC121EDADEB8}.Debug|iPhoneSimulator.Build.0 = Debug|Any CPU
		{508E0D21-01E5-4A8C-A09F-AC121EDADEB8}.Release|Any CPU.ActiveCfg = Release|Any CPU
		{508E0D21-01E5-4A8C-A09F-AC121EDADEB8}.Release|Any CPU.Build.0 = Release|Any CPU
		{508E0D21-01E5-4A8C-A09F-AC121EDADEB8}.Release|iPhone.ActiveCfg = Release|Any CPU
		{508E0D21-01E5-4A8C-A09F-AC121EDADEB8}.Release|iPhone.Build.0 = Release|Any CPU
		{508E0D21-01E5-4A8C-A09F-AC121EDADEB8}.Release|iPhoneSimulator.ActiveCfg = Release|Any CPU
		{508E0D21-01E5-4A8C-A09F-AC121EDADEB8}.Release|iPhoneSimulator.Build.0 = Release|Any CPU
		{82F04C1E-2F0D-4396-ADC3-BC9EADEE8E7E}.Debug|Any CPU.ActiveCfg = Debug|Any CPU
		{82F04C1E-2F0D-4396-ADC3-BC9EADEE8E7E}.Debug|Any CPU.Build.0 = Debug|Any CPU
		{82F04C1E-2F0D-4396-ADC3-BC9EADEE8E7E}.Debug|iPhone.ActiveCfg = Debug|Any CPU
		{82F04C1E-2F0D-4396-ADC3-BC9EADEE8E7E}.Debug|iPhone.Build.0 = Debug|Any CPU
		{82F04C1E-2F0D-4396-ADC3-BC9EADEE8E7E}.Debug|iPhoneSimulator.ActiveCfg = Debug|Any CPU
		{82F04C1E-2F0D-4396-ADC3-BC9EADEE8E7E}.Debug|iPhoneSimulator.Build.0 = Debug|Any CPU
		{82F04C1E-2F0D-4396-ADC3-BC9EADEE8E7E}.Release|Any CPU.ActiveCfg = Release|Any CPU
		{82F04C1E-2F0D-4396-ADC3-BC9EADEE8E7E}.Release|Any CPU.Build.0 = Release|Any CPU
		{82F04C1E-2F0D-4396-ADC3-BC9EADEE8E7E}.Release|iPhone.ActiveCfg = Release|Any CPU
		{82F04C1E-2F0D-4396-ADC3-BC9EADEE8E7E}.Release|iPhone.Build.0 = Release|Any CPU
		{82F04C1E-2F0D-4396-ADC3-BC9EADEE8E7E}.Release|iPhoneSimulator.ActiveCfg = Release|Any CPU
		{82F04C1E-2F0D-4396-ADC3-BC9EADEE8E7E}.Release|iPhoneSimulator.Build.0 = Release|Any CPU
	EndGlobalSection
	GlobalSection(MonoDevelopProperties) = preSolution
		StartupItem = TaskyDroid\TaskyDroid.csproj
	EndGlobalSection
EndGlobal
