
Microsoft Visual Studio Solution File, Format Version 12.00
# Visual Studio 2013
VisualStudioVersion = 12.0.31101.0
MinimumVisualStudioVersion = 10.0.40219.1
Project("{FAE04EC0-301F-11D3-BF4B-00C04F79EFBC}") = "XamarinForms.iOS", "XamarinForms.iOS\XamarinForms.iOS.csproj", "{0BF6B082-44EC-434D-B8A1-6B39DB4BD9AD}"
EndProject
Project("{FAE04EC0-301F-11D3-BF4B-00C04F79EFBC}") = "XamarinForms.Droid", "XamarinForms.Droid\XamarinForms.Droid.csproj", "{B672D76D-4908-44B4-8E7A-050180F1CE6B}"
EndProject
Project("{F184B08F-C81C-45F6-A57F-5ABD9991F28F}") = "VisualBasicAppCode", "VisualBasicAppCode\VisualBasicAppCode.vbproj", "{F13E9035-4A5C-4C68-B153-709C185FC4F6}"
EndProject
Project("{FAE04EC0-301F-11D3-BF4B-00C04F79EFBC}") = "XamlPages", "XamlPages\XamlPages.csproj", "{4062AF73-05AE-496A-BBB1-296A6C556F52}"
EndProject
Global
	GlobalSection(SolutionConfigurationPlatforms) = preSolution
		Ad-Hoc|Any CPU = Ad-Hoc|Any CPU
		Ad-Hoc|iPhone = Ad-Hoc|iPhone
		Ad-Hoc|iPhoneSimulator = Ad-Hoc|iPhoneSimulator
		Ad-Hoc|Mixed Platforms = Ad-Hoc|Mixed Platforms
		AppStore|Any CPU = AppStore|Any CPU
		AppStore|iPhone = AppStore|iPhone
		AppStore|iPhoneSimulator = AppStore|iPhoneSimulator
		AppStore|Mixed Platforms = AppStore|Mixed Platforms
		Debug|Any CPU = Debug|Any CPU
		Debug|iPhone = Debug|iPhone
		Debug|iPhoneSimulator = Debug|iPhoneSimulator
		Debug|Mixed Platforms = Debug|Mixed Platforms
		Release|Any CPU = Release|Any CPU
		Release|iPhone = Release|iPhone
		Release|iPhoneSimulator = Release|iPhoneSimulator
		Release|Mixed Platforms = Release|Mixed Platforms
	EndGlobalSection
	GlobalSection(ProjectConfigurationPlatforms) = postSolution
		{0BF6B082-44EC-434D-B8A1-6B39DB4BD9AD}.Ad-Hoc|Any CPU.ActiveCfg = Ad-Hoc|iPhone
		{0BF6B082-44EC-434D-B8A1-6B39DB4BD9AD}.Ad-Hoc|iPhone.ActiveCfg = Ad-Hoc|iPhone
		{0BF6B082-44EC-434D-B8A1-6B39DB4BD9AD}.Ad-Hoc|iPhone.Build.0 = Ad-Hoc|iPhone
		{0BF6B082-44EC-434D-B8A1-6B39DB4BD9AD}.Ad-Hoc|iPhoneSimulator.ActiveCfg = Ad-Hoc|iPhoneSimulator
		{0BF6B082-44EC-434D-B8A1-6B39DB4BD9AD}.Ad-Hoc|iPhoneSimulator.Build.0 = Ad-Hoc|iPhoneSimulator
		{0BF6B082-44EC-434D-B8A1-6B39DB4BD9AD}.Ad-Hoc|Mixed Platforms.ActiveCfg = Ad-Hoc|iPhoneSimulator
		{0BF6B082-44EC-434D-B8A1-6B39DB4BD9AD}.Ad-Hoc|Mixed Platforms.Build.0 = Ad-Hoc|iPhoneSimulator
		{0BF6B082-44EC-434D-B8A1-6B39DB4BD9AD}.AppStore|Any CPU.ActiveCfg = AppStore|iPhone
		{0BF6B082-44EC-434D-B8A1-6B39DB4BD9AD}.AppStore|iPhone.ActiveCfg = AppStore|iPhone
		{0BF6B082-44EC-434D-B8A1-6B39DB4BD9AD}.AppStore|iPhone.Build.0 = AppStore|iPhone
		{0BF6B082-44EC-434D-B8A1-6B39DB4BD9AD}.AppStore|iPhoneSimulator.ActiveCfg = AppStore|iPhoneSimulator
		{0BF6B082-44EC-434D-B8A1-6B39DB4BD9AD}.AppStore|iPhoneSimulator.Build.0 = AppStore|iPhoneSimulator
		{0BF6B082-44EC-434D-B8A1-6B39DB4BD9AD}.AppStore|Mixed Platforms.ActiveCfg = AppStore|iPhoneSimulator
		{0BF6B082-44EC-434D-B8A1-6B39DB4BD9AD}.AppStore|Mixed Platforms.Build.0 = AppStore|iPhoneSimulator
		{0BF6B082-44EC-434D-B8A1-6B39DB4BD9AD}.Debug|Any CPU.ActiveCfg = Debug|iPhone
		{0BF6B082-44EC-434D-B8A1-6B39DB4BD9AD}.Debug|iPhone.ActiveCfg = Debug|iPhone
		{0BF6B082-44EC-434D-B8A1-6B39DB4BD9AD}.Debug|iPhone.Build.0 = Debug|iPhone
		{0BF6B082-44EC-434D-B8A1-6B39DB4BD9AD}.Debug|iPhoneSimulator.ActiveCfg = Debug|iPhoneSimulator
		{0BF6B082-44EC-434D-B8A1-6B39DB4BD9AD}.Debug|iPhoneSimulator.Build.0 = Debug|iPhoneSimulator
		{0BF6B082-44EC-434D-B8A1-6B39DB4BD9AD}.Debug|Mixed Platforms.ActiveCfg = Debug|iPhoneSimulator
		{0BF6B082-44EC-434D-B8A1-6B39DB4BD9AD}.Debug|Mixed Platforms.Build.0 = Debug|iPhoneSimulator
		{0BF6B082-44EC-434D-B8A1-6B39DB4BD9AD}.Release|Any CPU.ActiveCfg = Release|iPhone
		{0BF6B082-44EC-434D-B8A1-6B39DB4BD9AD}.Release|iPhone.ActiveCfg = Release|iPhone
		{0BF6B082-44EC-434D-B8A1-6B39DB4BD9AD}.Release|iPhone.Build.0 = Release|iPhone
		{0BF6B082-44EC-434D-B8A1-6B39DB4BD9AD}.Release|iPhoneSimulator.ActiveCfg = Release|iPhoneSimulator
		{0BF6B082-44EC-434D-B8A1-6B39DB4BD9AD}.Release|iPhoneSimulator.Build.0 = Release|iPhoneSimulator
		{0BF6B082-44EC-434D-B8A1-6B39DB4BD9AD}.Release|Mixed Platforms.ActiveCfg = Release|iPhoneSimulator
		{0BF6B082-44EC-434D-B8A1-6B39DB4BD9AD}.Release|Mixed Platforms.Build.0 = Release|iPhoneSimulator
		{B672D76D-4908-44B4-8E7A-050180F1CE6B}.Ad-Hoc|Any CPU.ActiveCfg = Release|Any CPU
		{B672D76D-4908-44B4-8E7A-050180F1CE6B}.Ad-Hoc|Any CPU.Build.0 = Release|Any CPU
		{B672D76D-4908-44B4-8E7A-050180F1CE6B}.Ad-Hoc|Any CPU.Deploy.0 = Release|Any CPU
		{B672D76D-4908-44B4-8E7A-050180F1CE6B}.Ad-Hoc|iPhone.ActiveCfg = Release|Any CPU
		{B672D76D-4908-44B4-8E7A-050180F1CE6B}.Ad-Hoc|iPhone.Build.0 = Release|Any CPU
		{B672D76D-4908-44B4-8E7A-050180F1CE6B}.Ad-Hoc|iPhone.Deploy.0 = Release|Any CPU
		{B672D76D-4908-44B4-8E7A-050180F1CE6B}.Ad-Hoc|iPhoneSimulator.ActiveCfg = Release|Any CPU
		{B672D76D-4908-44B4-8E7A-050180F1CE6B}.Ad-Hoc|iPhoneSimulator.Build.0 = Release|Any CPU
		{B672D76D-4908-44B4-8E7A-050180F1CE6B}.Ad-Hoc|iPhoneSimulator.Deploy.0 = Release|Any CPU
		{B672D76D-4908-44B4-8E7A-050180F1CE6B}.Ad-Hoc|Mixed Platforms.ActiveCfg = Debug|Any CPU
		{B672D76D-4908-44B4-8E7A-050180F1CE6B}.Ad-Hoc|Mixed Platforms.Build.0 = Debug|Any CPU
		{B672D76D-4908-44B4-8E7A-050180F1CE6B}.Ad-Hoc|Mixed Platforms.Deploy.0 = Debug|Any CPU
		{B672D76D-4908-44B4-8E7A-050180F1CE6B}.AppStore|Any CPU.ActiveCfg = Release|Any CPU
		{B672D76D-4908-44B4-8E7A-050180F1CE6B}.AppStore|Any CPU.Build.0 = Release|Any CPU
		{B672D76D-4908-44B4-8E7A-050180F1CE6B}.AppStore|Any CPU.Deploy.0 = Release|Any CPU
		{B672D76D-4908-44B4-8E7A-050180F1CE6B}.AppStore|iPhone.ActiveCfg = Release|Any CPU
		{B672D76D-4908-44B4-8E7A-050180F1CE6B}.AppStore|iPhone.Build.0 = Release|Any CPU
		{B672D76D-4908-44B4-8E7A-050180F1CE6B}.AppStore|iPhone.Deploy.0 = Release|Any CPU
		{B672D76D-4908-44B4-8E7A-050180F1CE6B}.AppStore|iPhoneSimulator.ActiveCfg = Release|Any CPU
		{B672D76D-4908-44B4-8E7A-050180F1CE6B}.AppStore|iPhoneSimulator.Build.0 = Release|Any CPU
		{B672D76D-4908-44B4-8E7A-050180F1CE6B}.AppStore|iPhoneSimulator.Deploy.0 = Release|Any CPU
		{B672D76D-4908-44B4-8E7A-050180F1CE6B}.AppStore|Mixed Platforms.ActiveCfg = Debug|Any CPU
		{B672D76D-4908-44B4-8E7A-050180F1CE6B}.AppStore|Mixed Platforms.Build.0 = Debug|Any CPU
		{B672D76D-4908-44B4-8E7A-050180F1CE6B}.AppStore|Mixed Platforms.Deploy.0 = Debug|Any CPU
		{B672D76D-4908-44B4-8E7A-050180F1CE6B}.Debug|Any CPU.ActiveCfg = Debug|Any CPU
		{B672D76D-4908-44B4-8E7A-050180F1CE6B}.Debug|Any CPU.Build.0 = Debug|Any CPU
		{B672D76D-4908-44B4-8E7A-050180F1CE6B}.Debug|Any CPU.Deploy.0 = Debug|Any CPU
		{B672D76D-4908-44B4-8E7A-050180F1CE6B}.Debug|iPhone.ActiveCfg = Debug|Any CPU
		{B672D76D-4908-44B4-8E7A-050180F1CE6B}.Debug|iPhone.Build.0 = Debug|Any CPU
		{B672D76D-4908-44B4-8E7A-050180F1CE6B}.Debug|iPhone.Deploy.0 = Debug|Any CPU
		{B672D76D-4908-44B4-8E7A-050180F1CE6B}.Debug|iPhoneSimulator.ActiveCfg = Debug|Any CPU
		{B672D76D-4908-44B4-8E7A-050180F1CE6B}.Debug|iPhoneSimulator.Build.0 = Debug|Any CPU
		{B672D76D-4908-44B4-8E7A-050180F1CE6B}.Debug|iPhoneSimulator.Deploy.0 = Debug|Any CPU
		{B672D76D-4908-44B4-8E7A-050180F1CE6B}.Debug|Mixed Platforms.ActiveCfg = Debug|Any CPU
		{B672D76D-4908-44B4-8E7A-050180F1CE6B}.Debug|Mixed Platforms.Build.0 = Debug|Any CPU
		{B672D76D-4908-44B4-8E7A-050180F1CE6B}.Debug|Mixed Platforms.Deploy.0 = Debug|Any CPU
		{B672D76D-4908-44B4-8E7A-050180F1CE6B}.Release|Any CPU.ActiveCfg = Release|Any CPU
		{B672D76D-4908-44B4-8E7A-050180F1CE6B}.Release|Any CPU.Build.0 = Release|Any CPU
		{B672D76D-4908-44B4-8E7A-050180F1CE6B}.Release|Any CPU.Deploy.0 = Release|Any CPU
		{B672D76D-4908-44B4-8E7A-050180F1CE6B}.Release|iPhone.ActiveCfg = Release|Any CPU
		{B672D76D-4908-44B4-8E7A-050180F1CE6B}.Release|iPhone.Build.0 = Release|Any CPU
		{B672D76D-4908-44B4-8E7A-050180F1CE6B}.Release|iPhone.Deploy.0 = Release|Any CPU
		{B672D76D-4908-44B4-8E7A-050180F1CE6B}.Release|iPhoneSimulator.ActiveCfg = Release|Any CPU
		{B672D76D-4908-44B4-8E7A-050180F1CE6B}.Release|iPhoneSimulator.Build.0 = Release|Any CPU
		{B672D76D-4908-44B4-8E7A-050180F1CE6B}.Release|iPhoneSimulator.Deploy.0 = Release|Any CPU
		{B672D76D-4908-44B4-8E7A-050180F1CE6B}.Release|Mixed Platforms.ActiveCfg = Release|Any CPU
		{B672D76D-4908-44B4-8E7A-050180F1CE6B}.Release|Mixed Platforms.Build.0 = Release|Any CPU
		{B672D76D-4908-44B4-8E7A-050180F1CE6B}.Release|Mixed Platforms.Deploy.0 = Release|Any CPU
		{F13E9035-4A5C-4C68-B153-709C185FC4F6}.Ad-Hoc|Any CPU.ActiveCfg = Release|Any CPU
		{F13E9035-4A5C-4C68-B153-709C185FC4F6}.Ad-Hoc|Any CPU.Build.0 = Release|Any CPU
		{F13E9035-4A5C-4C68-B153-709C185FC4F6}.Ad-Hoc|iPhone.ActiveCfg = Release|Any CPU
		{F13E9035-4A5C-4C68-B153-709C185FC4F6}.Ad-Hoc|iPhone.Build.0 = Release|Any CPU
		{F13E9035-4A5C-4C68-B153-709C185FC4F6}.Ad-Hoc|iPhoneSimulator.ActiveCfg = Release|Any CPU
		{F13E9035-4A5C-4C68-B153-709C185FC4F6}.Ad-Hoc|iPhoneSimulator.Build.0 = Release|Any CPU
		{F13E9035-4A5C-4C68-B153-709C185FC4F6}.Ad-Hoc|Mixed Platforms.ActiveCfg = Debug|Any CPU
		{F13E9035-4A5C-4C68-B153-709C185FC4F6}.Ad-Hoc|Mixed Platforms.Build.0 = Debug|Any CPU
		{F13E9035-4A5C-4C68-B153-709C185FC4F6}.AppStore|Any CPU.ActiveCfg = Release|Any CPU
		{F13E9035-4A5C-4C68-B153-709C185FC4F6}.AppStore|Any CPU.Build.0 = Release|Any CPU
		{F13E9035-4A5C-4C68-B153-709C185FC4F6}.AppStore|iPhone.ActiveCfg = Release|Any CPU
		{F13E9035-4A5C-4C68-B153-709C185FC4F6}.AppStore|iPhone.Build.0 = Release|Any CPU
		{F13E9035-4A5C-4C68-B153-709C185FC4F6}.AppStore|iPhoneSimulator.ActiveCfg = Release|Any CPU
		{F13E9035-4A5C-4C68-B153-709C185FC4F6}.AppStore|iPhoneSimulator.Build.0 = Release|Any CPU
		{F13E9035-4A5C-4C68-B153-709C185FC4F6}.AppStore|Mixed Platforms.ActiveCfg = Debug|Any CPU
		{F13E9035-4A5C-4C68-B153-709C185FC4F6}.AppStore|Mixed Platforms.Build.0 = Debug|Any CPU
		{F13E9035-4A5C-4C68-B153-709C185FC4F6}.Debug|Any CPU.ActiveCfg = Debug|Any CPU
		{F13E9035-4A5C-4C68-B153-709C185FC4F6}.Debug|Any CPU.Build.0 = Debug|Any CPU
		{F13E9035-4A5C-4C68-B153-709C185FC4F6}.Debug|iPhone.ActiveCfg = Debug|Any CPU
		{F13E9035-4A5C-4C68-B153-709C185FC4F6}.Debug|iPhone.Build.0 = Debug|Any CPU
		{F13E9035-4A5C-4C68-B153-709C185FC4F6}.Debug|iPhoneSimulator.ActiveCfg = Debug|Any CPU
		{F13E9035-4A5C-4C68-B153-709C185FC4F6}.Debug|iPhoneSimulator.Build.0 = Debug|Any CPU
		{F13E9035-4A5C-4C68-B153-709C185FC4F6}.Debug|Mixed Platforms.ActiveCfg = Debug|Any CPU
		{F13E9035-4A5C-4C68-B153-709C185FC4F6}.Debug|Mixed Platforms.Build.0 = Debug|Any CPU
		{F13E9035-4A5C-4C68-B153-709C185FC4F6}.Release|Any CPU.ActiveCfg = Release|Any CPU
		{F13E9035-4A5C-4C68-B153-709C185FC4F6}.Release|Any CPU.Build.0 = Release|Any CPU
		{F13E9035-4A5C-4C68-B153-709C185FC4F6}.Release|iPhone.ActiveCfg = Release|Any CPU
		{F13E9035-4A5C-4C68-B153-709C185FC4F6}.Release|iPhone.Build.0 = Release|Any CPU
		{F13E9035-4A5C-4C68-B153-709C185FC4F6}.Release|iPhoneSimulator.ActiveCfg = Release|Any CPU
		{F13E9035-4A5C-4C68-B153-709C185FC4F6}.Release|iPhoneSimulator.Build.0 = Release|Any CPU
		{F13E9035-4A5C-4C68-B153-709C185FC4F6}.Release|Mixed Platforms.ActiveCfg = Release|Any CPU
		{F13E9035-4A5C-4C68-B153-709C185FC4F6}.Release|Mixed Platforms.Build.0 = Release|Any CPU
		{4062AF73-05AE-496A-BBB1-296A6C556F52}.Ad-Hoc|Any CPU.ActiveCfg = Release|Any CPU
		{4062AF73-05AE-496A-BBB1-296A6C556F52}.Ad-Hoc|Any CPU.Build.0 = Release|Any CPU
		{4062AF73-05AE-496A-BBB1-296A6C556F52}.Ad-Hoc|iPhone.ActiveCfg = Release|Any CPU
		{4062AF73-05AE-496A-BBB1-296A6C556F52}.Ad-Hoc|iPhoneSimulator.ActiveCfg = Release|Any CPU
		{4062AF73-05AE-496A-BBB1-296A6C556F52}.Ad-Hoc|Mixed Platforms.ActiveCfg = Release|Any CPU
		{4062AF73-05AE-496A-BBB1-296A6C556F52}.Ad-Hoc|Mixed Platforms.Build.0 = Release|Any CPU
		{4062AF73-05AE-496A-BBB1-296A6C556F52}.AppStore|Any CPU.ActiveCfg = Release|Any CPU
		{4062AF73-05AE-496A-BBB1-296A6C556F52}.AppStore|Any CPU.Build.0 = Release|Any CPU
		{4062AF73-05AE-496A-BBB1-296A6C556F52}.AppStore|iPhone.ActiveCfg = Release|Any CPU
		{4062AF73-05AE-496A-BBB1-296A6C556F52}.AppStore|iPhoneSimulator.ActiveCfg = Release|Any CPU
		{4062AF73-05AE-496A-BBB1-296A6C556F52}.AppStore|Mixed Platforms.ActiveCfg = Release|Any CPU
		{4062AF73-05AE-496A-BBB1-296A6C556F52}.AppStore|Mixed Platforms.Build.0 = Release|Any CPU
		{4062AF73-05AE-496A-BBB1-296A6C556F52}.Debug|Any CPU.ActiveCfg = Debug|Any CPU
		{4062AF73-05AE-496A-BBB1-296A6C556F52}.Debug|Any CPU.Build.0 = Debug|Any CPU
		{4062AF73-05AE-496A-BBB1-296A6C556F52}.Debug|iPhone.ActiveCfg = Debug|Any CPU
		{4062AF73-05AE-496A-BBB1-296A6C556F52}.Debug|iPhoneSimulator.ActiveCfg = Debug|Any CPU
		{4062AF73-05AE-496A-BBB1-296A6C556F52}.Debug|Mixed Platforms.ActiveCfg = Debug|Any CPU
		{4062AF73-05AE-496A-BBB1-296A6C556F52}.Debug|Mixed Platforms.Build.0 = Debug|Any CPU
		{4062AF73-05AE-496A-BBB1-296A6C556F52}.Release|Any CPU.ActiveCfg = Release|Any CPU
		{4062AF73-05AE-496A-BBB1-296A6C556F52}.Release|Any CPU.Build.0 = Release|Any CPU
		{4062AF73-05AE-496A-BBB1-296A6C556F52}.Release|iPhone.ActiveCfg = Release|Any CPU
		{4062AF73-05AE-496A-BBB1-296A6C556F52}.Release|iPhoneSimulator.ActiveCfg = Release|Any CPU
		{4062AF73-05AE-496A-BBB1-296A6C556F52}.Release|Mixed Platforms.ActiveCfg = Release|Any CPU
		{4062AF73-05AE-496A-BBB1-296A6C556F52}.Release|Mixed Platforms.Build.0 = Release|Any CPU
	EndGlobalSection
	GlobalSection(SolutionProperties) = preSolution
		HideSolutionNode = FALSE
	EndGlobalSection
EndGlobal
