
Microsoft Visual Studio Solution File, Format Version 12.00
# Visual Studio 14
VisualStudioVersion = 14.0.25123.0
MinimumVisualStudioVersion = 10.0.40219.1
Project("{FAE04EC0-301F-11D3-BF4B-00C04F79EFBC}") = "WeatherApp.Droid", "WeatherApp\WeatherApp.Droid\WeatherApp.Droid.csproj", "{F90BF25A-D3AA-491A-B29A-17F52D5678D6}"
EndProject
Project("{FAE04EC0-301F-11D3-BF4B-00C04F79EFBC}") = "WeatherApp.iOS", "WeatherApp\WeatherApp.iOS\WeatherApp.iOS.csproj", "{1A2077AC-833D-4E33-884B-D87477B9C722}"
EndProject
Project("{FAE04EC0-301F-11D3-BF4B-00C04F79EFBC}") = "WeatherApp.WinPhone", "WeatherApp\WeatherApp.WinPhone\WeatherApp.WinPhone.csproj", "{EAA0DC4B-7B68-42E7-AB69-9E4C61A09898}"
EndProject
Project("{FAE04EC0-301F-11D3-BF4B-00C04F79EFBC}") = "WeatherApp", "WeatherApp\WeatherApp\WeatherApp.csproj", "{247CE0B4-3B55-4868-AEFC-5F9134769971}"
EndProject
Global
	GlobalSection(SolutionConfigurationPlatforms) = preSolution
		AppStore|Any CPU = AppStore|Any CPU
		AppStore|ARM = AppStore|ARM
		AppStore|iPhone = AppStore|iPhone
		AppStore|iPhoneSimulator = AppStore|iPhoneSimulator
		AppStore|x86 = AppStore|x86
		Debug|Any CPU = Debug|Any CPU
		Debug|ARM = Debug|ARM
		Debug|iPhone = Debug|iPhone
		Debug|iPhoneSimulator = Debug|iPhoneSimulator
		Debug|x86 = Debug|x86
		Release|Any CPU = Release|Any CPU
		Release|ARM = Release|ARM
		Release|iPhone = Release|iPhone
		Release|iPhoneSimulator = Release|iPhoneSimulator
		Release|x86 = Release|x86
	EndGlobalSection
	GlobalSection(ProjectConfigurationPlatforms) = postSolution
		{F90BF25A-D3AA-491A-B29A-17F52D5678D6}.AppStore|Any CPU.ActiveCfg = Release|Any CPU
		{F90BF25A-D3AA-491A-B29A-17F52D5678D6}.AppStore|Any CPU.Build.0 = Release|Any CPU
		{F90BF25A-D3AA-491A-B29A-17F52D5678D6}.AppStore|Any CPU.Deploy.0 = Release|Any CPU
		{F90BF25A-D3AA-491A-B29A-17F52D5678D6}.AppStore|ARM.ActiveCfg = Release|Any CPU
		{F90BF25A-D3AA-491A-B29A-17F52D5678D6}.AppStore|ARM.Build.0 = Release|Any CPU
		{F90BF25A-D3AA-491A-B29A-17F52D5678D6}.AppStore|ARM.Deploy.0 = Release|Any CPU
		{F90BF25A-D3AA-491A-B29A-17F52D5678D6}.AppStore|iPhone.ActiveCfg = Release|Any CPU
		{F90BF25A-D3AA-491A-B29A-17F52D5678D6}.AppStore|iPhone.Build.0 = Release|Any CPU
		{F90BF25A-D3AA-491A-B29A-17F52D5678D6}.AppStore|iPhone.Deploy.0 = Release|Any CPU
		{F90BF25A-D3AA-491A-B29A-17F52D5678D6}.AppStore|iPhoneSimulator.ActiveCfg = Release|Any CPU
		{F90BF25A-D3AA-491A-B29A-17F52D5678D6}.AppStore|iPhoneSimulator.Build.0 = Release|Any CPU
		{F90BF25A-D3AA-491A-B29A-17F52D5678D6}.AppStore|iPhoneSimulator.Deploy.0 = Release|Any CPU
		{F90BF25A-D3AA-491A-B29A-17F52D5678D6}.AppStore|x86.ActiveCfg = Release|Any CPU
		{F90BF25A-D3AA-491A-B29A-17F52D5678D6}.AppStore|x86.Build.0 = Release|Any CPU
		{F90BF25A-D3AA-491A-B29A-17F52D5678D6}.AppStore|x86.Deploy.0 = Release|Any CPU
		{F90BF25A-D3AA-491A-B29A-17F52D5678D6}.Debug|Any CPU.ActiveCfg = Debug|Any CPU
		{F90BF25A-D3AA-491A-B29A-17F52D5678D6}.Debug|Any CPU.Build.0 = Debug|Any CPU
		{F90BF25A-D3AA-491A-B29A-17F52D5678D6}.Debug|Any CPU.Deploy.0 = Debug|Any CPU
		{F90BF25A-D3AA-491A-B29A-17F52D5678D6}.Debug|ARM.ActiveCfg = Debug|Any CPU
		{F90BF25A-D3AA-491A-B29A-17F52D5678D6}.Debug|ARM.Build.0 = Debug|Any CPU
		{F90BF25A-D3AA-491A-B29A-17F52D5678D6}.Debug|ARM.Deploy.0 = Debug|Any CPU
		{F90BF25A-D3AA-491A-B29A-17F52D5678D6}.Debug|iPhone.ActiveCfg = Debug|Any CPU
		{F90BF25A-D3AA-491A-B29A-17F52D5678D6}.Debug|iPhone.Build.0 = Debug|Any CPU
		{F90BF25A-D3AA-491A-B29A-17F52D5678D6}.Debug|iPhone.Deploy.0 = Debug|Any CPU
		{F90BF25A-D3AA-491A-B29A-17F52D5678D6}.Debug|iPhoneSimulator.ActiveCfg = Debug|Any CPU
		{F90BF25A-D3AA-491A-B29A-17F52D5678D6}.Debug|iPhoneSimulator.Build.0 = Debug|Any CPU
		{F90BF25A-D3AA-491A-B29A-17F52D5678D6}.Debug|iPhoneSimulator.Deploy.0 = Debug|Any CPU
		{F90BF25A-D3AA-491A-B29A-17F52D5678D6}.Debug|x86.ActiveCfg = Debug|Any CPU
		{F90BF25A-D3AA-491A-B29A-17F52D5678D6}.Debug|x86.Build.0 = Debug|Any CPU
		{F90BF25A-D3AA-491A-B29A-17F52D5678D6}.Debug|x86.Deploy.0 = Debug|Any CPU
		{F90BF25A-D3AA-491A-B29A-17F52D5678D6}.Release|Any CPU.ActiveCfg = Release|Any CPU
		{F90BF25A-D3AA-491A-B29A-17F52D5678D6}.Release|Any CPU.Build.0 = Release|Any CPU
		{F90BF25A-D3AA-491A-B29A-17F52D5678D6}.Release|Any CPU.Deploy.0 = Release|Any CPU
		{F90BF25A-D3AA-491A-B29A-17F52D5678D6}.Release|ARM.ActiveCfg = Release|Any CPU
		{F90BF25A-D3AA-491A-B29A-17F52D5678D6}.Release|ARM.Build.0 = Release|Any CPU
		{F90BF25A-D3AA-491A-B29A-17F52D5678D6}.Release|ARM.Deploy.0 = Release|Any CPU
		{F90BF25A-D3AA-491A-B29A-17F52D5678D6}.Release|iPhone.ActiveCfg = Release|Any CPU
		{F90BF25A-D3AA-491A-B29A-17F52D5678D6}.Release|iPhone.Build.0 = Release|Any CPU
		{F90BF25A-D3AA-491A-B29A-17F52D5678D6}.Release|iPhone.Deploy.0 = Release|Any CPU
		{F90BF25A-D3AA-491A-B29A-17F52D5678D6}.Release|iPhoneSimulator.ActiveCfg = Release|Any CPU
		{F90BF25A-D3AA-491A-B29A-17F52D5678D6}.Release|iPhoneSimulator.Build.0 = Release|Any CPU
		{F90BF25A-D3AA-491A-B29A-17F52D5678D6}.Release|iPhoneSimulator.Deploy.0 = Release|Any CPU
		{F90BF25A-D3AA-491A-B29A-17F52D5678D6}.Release|x86.ActiveCfg = Release|Any CPU
		{F90BF25A-D3AA-491A-B29A-17F52D5678D6}.Release|x86.Build.0 = Release|Any CPU
		{F90BF25A-D3AA-491A-B29A-17F52D5678D6}.Release|x86.Deploy.0 = Release|Any CPU
		{1A2077AC-833D-4E33-884B-D87477B9C722}.AppStore|Any CPU.ActiveCfg = Release|iPhoneSimulator
		{1A2077AC-833D-4E33-884B-D87477B9C722}.AppStore|Any CPU.Build.0 = Release|iPhoneSimulator
		{1A2077AC-833D-4E33-884B-D87477B9C722}.AppStore|ARM.ActiveCfg = Release|iPhoneSimulator
		{1A2077AC-833D-4E33-884B-D87477B9C722}.AppStore|ARM.Build.0 = Release|iPhoneSimulator
		{1A2077AC-833D-4E33-884B-D87477B9C722}.AppStore|iPhone.ActiveCfg = Release|iPhone
		{1A2077AC-833D-4E33-884B-D87477B9C722}.AppStore|iPhone.Build.0 = Release|iPhone
		{1A2077AC-833D-4E33-884B-D87477B9C722}.AppStore|iPhoneSimulator.ActiveCfg = Release|iPhoneSimulator
		{1A2077AC-833D-4E33-884B-D87477B9C722}.AppStore|iPhoneSimulator.Build.0 = Release|iPhoneSimulator
		{1A2077AC-833D-4E33-884B-D87477B9C722}.AppStore|x86.ActiveCfg = Release|iPhoneSimulator
		{1A2077AC-833D-4E33-884B-D87477B9C722}.AppStore|x86.Build.0 = Release|iPhoneSimulator
		{1A2077AC-833D-4E33-884B-D87477B9C722}.Debug|Any CPU.ActiveCfg = Debug|iPhone
		{1A2077AC-833D-4E33-884B-D87477B9C722}.Debug|ARM.ActiveCfg = Debug|iPhone
		{1A2077AC-833D-4E33-884B-D87477B9C722}.Debug|iPhone.ActiveCfg = Debug|iPhone
		{1A2077AC-833D-4E33-884B-D87477B9C722}.Debug|iPhone.Build.0 = Debug|iPhone
		{1A2077AC-833D-4E33-884B-D87477B9C722}.Debug|iPhoneSimulator.ActiveCfg = Debug|iPhoneSimulator
		{1A2077AC-833D-4E33-884B-D87477B9C722}.Debug|iPhoneSimulator.Build.0 = Debug|iPhoneSimulator
		{1A2077AC-833D-4E33-884B-D87477B9C722}.Debug|x86.ActiveCfg = Debug|iPhone
		{1A2077AC-833D-4E33-884B-D87477B9C722}.Release|Any CPU.ActiveCfg = Release|iPhone
		{1A2077AC-833D-4E33-884B-D87477B9C722}.Release|ARM.ActiveCfg = Release|iPhone
		{1A2077AC-833D-4E33-884B-D87477B9C722}.Release|iPhone.ActiveCfg = Release|iPhone
		{1A2077AC-833D-4E33-884B-D87477B9C722}.Release|iPhone.Build.0 = Release|iPhone
		{1A2077AC-833D-4E33-884B-D87477B9C722}.Release|iPhoneSimulator.ActiveCfg = Release|iPhoneSimulator
		{1A2077AC-833D-4E33-884B-D87477B9C722}.Release|iPhoneSimulator.Build.0 = Release|iPhoneSimulator
		{1A2077AC-833D-4E33-884B-D87477B9C722}.Release|x86.ActiveCfg = Release|iPhone
		{EAA0DC4B-7B68-42E7-AB69-9E4C61A09898}.AppStore|Any CPU.ActiveCfg = Release|Any CPU
		{EAA0DC4B-7B68-42E7-AB69-9E4C61A09898}.AppStore|Any CPU.Build.0 = Release|Any CPU
		{EAA0DC4B-7B68-42E7-AB69-9E4C61A09898}.AppStore|Any CPU.Deploy.0 = Release|Any CPU
		{EAA0DC4B-7B68-42E7-AB69-9E4C61A09898}.AppStore|ARM.ActiveCfg = Release|ARM
		{EAA0DC4B-7B68-42E7-AB69-9E4C61A09898}.AppStore|ARM.Build.0 = Release|ARM
		{EAA0DC4B-7B68-42E7-AB69-9E4C61A09898}.AppStore|ARM.Deploy.0 = Release|ARM
		{EAA0DC4B-7B68-42E7-AB69-9E4C61A09898}.AppStore|iPhone.ActiveCfg = Release|Any CPU
		{EAA0DC4B-7B68-42E7-AB69-9E4C61A09898}.AppStore|iPhone.Build.0 = Release|Any CPU
		{EAA0DC4B-7B68-42E7-AB69-9E4C61A09898}.AppStore|iPhone.Deploy.0 = Release|Any CPU
		{EAA0DC4B-7B68-42E7-AB69-9E4C61A09898}.AppStore|iPhoneSimulator.ActiveCfg = Release|Any CPU
		{EAA0DC4B-7B68-42E7-AB69-9E4C61A09898}.AppStore|iPhoneSimulator.Build.0 = Release|Any CPU
		{EAA0DC4B-7B68-42E7-AB69-9E4C61A09898}.AppStore|iPhoneSimulator.Deploy.0 = Release|Any CPU
		{EAA0DC4B-7B68-42E7-AB69-9E4C61A09898}.AppStore|x86.ActiveCfg = Release|x86
		{EAA0DC4B-7B68-42E7-AB69-9E4C61A09898}.AppStore|x86.Build.0 = Release|x86
		{EAA0DC4B-7B68-42E7-AB69-9E4C61A09898}.AppStore|x86.Deploy.0 = Release|x86
		{EAA0DC4B-7B68-42E7-AB69-9E4C61A09898}.Debug|Any CPU.ActiveCfg = Debug|Any CPU
		{EAA0DC4B-7B68-42E7-AB69-9E4C61A09898}.Debug|Any CPU.Build.0 = Debug|Any CPU
		{EAA0DC4B-7B68-42E7-AB69-9E4C61A09898}.Debug|Any CPU.Deploy.0 = Debug|Any CPU
		{EAA0DC4B-7B68-42E7-AB69-9E4C61A09898}.Debug|ARM.ActiveCfg = Debug|ARM
		{EAA0DC4B-7B68-42E7-AB69-9E4C61A09898}.Debug|ARM.Build.0 = Debug|ARM
		{EAA0DC4B-7B68-42E7-AB69-9E4C61A09898}.Debug|ARM.Deploy.0 = Debug|ARM
		{EAA0DC4B-7B68-42E7-AB69-9E4C61A09898}.Debug|iPhone.ActiveCfg = Debug|Any CPU
		{EAA0DC4B-7B68-42E7-AB69-9E4C61A09898}.Debug|iPhone.Build.0 = Debug|Any CPU
		{EAA0DC4B-7B68-42E7-AB69-9E4C61A09898}.Debug|iPhone.Deploy.0 = Debug|Any CPU
		{EAA0DC4B-7B68-42E7-AB69-9E4C61A09898}.Debug|iPhoneSimulator.ActiveCfg = Debug|Any CPU
		{EAA0DC4B-7B68-42E7-AB69-9E4C61A09898}.Debug|iPhoneSimulator.Build.0 = Debug|Any CPU
		{EAA0DC4B-7B68-42E7-AB69-9E4C61A09898}.Debug|iPhoneSimulator.Deploy.0 = Debug|Any CPU
		{EAA0DC4B-7B68-42E7-AB69-9E4C61A09898}.Debug|x86.ActiveCfg = Debug|x86
		{EAA0DC4B-7B68-42E7-AB69-9E4C61A09898}.Debug|x86.Build.0 = Debug|x86
		{EAA0DC4B-7B68-42E7-AB69-9E4C61A09898}.Debug|x86.Deploy.0 = Debug|x86
		{EAA0DC4B-7B68-42E7-AB69-9E4C61A09898}.Release|Any CPU.ActiveCfg = Release|Any CPU
		{EAA0DC4B-7B68-42E7-AB69-9E4C61A09898}.Release|Any CPU.Build.0 = Release|Any CPU
		{EAA0DC4B-7B68-42E7-AB69-9E4C61A09898}.Release|Any CPU.Deploy.0 = Release|Any CPU
		{EAA0DC4B-7B68-42E7-AB69-9E4C61A09898}.Release|ARM.ActiveCfg = Release|ARM
		{EAA0DC4B-7B68-42E7-AB69-9E4C61A09898}.Release|ARM.Build.0 = Release|ARM
		{EAA0DC4B-7B68-42E7-AB69-9E4C61A09898}.Release|ARM.Deploy.0 = Release|ARM
		{EAA0DC4B-7B68-42E7-AB69-9E4C61A09898}.Release|iPhone.ActiveCfg = Release|Any CPU
		{EAA0DC4B-7B68-42E7-AB69-9E4C61A09898}.Release|iPhone.Build.0 = Release|Any CPU
		{EAA0DC4B-7B68-42E7-AB69-9E4C61A09898}.Release|iPhone.Deploy.0 = Release|Any CPU
		{EAA0DC4B-7B68-42E7-AB69-9E4C61A09898}.Release|iPhoneSimulator.ActiveCfg = Release|Any CPU
		{EAA0DC4B-7B68-42E7-AB69-9E4C61A09898}.Release|iPhoneSimulator.Build.0 = Release|Any CPU
		{EAA0DC4B-7B68-42E7-AB69-9E4C61A09898}.Release|iPhoneSimulator.Deploy.0 = Release|Any CPU
		{EAA0DC4B-7B68-42E7-AB69-9E4C61A09898}.Release|x86.ActiveCfg = Release|x86
		{EAA0DC4B-7B68-42E7-AB69-9E4C61A09898}.Release|x86.Build.0 = Release|x86
		{EAA0DC4B-7B68-42E7-AB69-9E4C61A09898}.Release|x86.Deploy.0 = Release|x86
		{247CE0B4-3B55-4868-AEFC-5F9134769971}.AppStore|Any CPU.ActiveCfg = Release|Any CPU
		{247CE0B4-3B55-4868-AEFC-5F9134769971}.AppStore|Any CPU.Build.0 = Release|Any CPU
		{247CE0B4-3B55-4868-AEFC-5F9134769971}.AppStore|ARM.ActiveCfg = Release|Any CPU
		{247CE0B4-3B55-4868-AEFC-5F9134769971}.AppStore|ARM.Build.0 = Release|Any CPU
		{247CE0B4-3B55-4868-AEFC-5F9134769971}.AppStore|iPhone.ActiveCfg = Release|Any CPU
		{247CE0B4-3B55-4868-AEFC-5F9134769971}.AppStore|iPhone.Build.0 = Release|Any CPU
		{247CE0B4-3B55-4868-AEFC-5F9134769971}.AppStore|iPhoneSimulator.ActiveCfg = Release|Any CPU
		{247CE0B4-3B55-4868-AEFC-5F9134769971}.AppStore|iPhoneSimulator.Build.0 = Release|Any CPU
		{247CE0B4-3B55-4868-AEFC-5F9134769971}.AppStore|x86.ActiveCfg = Release|Any CPU
		{247CE0B4-3B55-4868-AEFC-5F9134769971}.AppStore|x86.Build.0 = Release|Any CPU
		{247CE0B4-3B55-4868-AEFC-5F9134769971}.Debug|Any CPU.ActiveCfg = Debug|Any CPU
		{247CE0B4-3B55-4868-AEFC-5F9134769971}.Debug|Any CPU.Build.0 = Debug|Any CPU
		{247CE0B4-3B55-4868-AEFC-5F9134769971}.Debug|ARM.ActiveCfg = Debug|Any CPU
		{247CE0B4-3B55-4868-AEFC-5F9134769971}.Debug|ARM.Build.0 = Debug|Any CPU
		{247CE0B4-3B55-4868-AEFC-5F9134769971}.Debug|iPhone.ActiveCfg = Debug|Any CPU
		{247CE0B4-3B55-4868-AEFC-5F9134769971}.Debug|iPhone.Build.0 = Debug|Any CPU
		{247CE0B4-3B55-4868-AEFC-5F9134769971}.Debug|iPhoneSimulator.ActiveCfg = Debug|Any CPU
		{247CE0B4-3B55-4868-AEFC-5F9134769971}.Debug|iPhoneSimulator.Build.0 = Debug|Any CPU
		{247CE0B4-3B55-4868-AEFC-5F9134769971}.Debug|x86.ActiveCfg = Debug|Any CPU
		{247CE0B4-3B55-4868-AEFC-5F9134769971}.Debug|x86.Build.0 = Debug|Any CPU
		{247CE0B4-3B55-4868-AEFC-5F9134769971}.Release|Any CPU.ActiveCfg = Release|Any CPU
		{247CE0B4-3B55-4868-AEFC-5F9134769971}.Release|Any CPU.Build.0 = Release|Any CPU
		{247CE0B4-3B55-4868-AEFC-5F9134769971}.Release|ARM.ActiveCfg = Release|Any CPU
		{247CE0B4-3B55-4868-AEFC-5F9134769971}.Release|ARM.Build.0 = Release|Any CPU
		{247CE0B4-3B55-4868-AEFC-5F9134769971}.Release|iPhone.ActiveCfg = Release|Any CPU
		{247CE0B4-3B55-4868-AEFC-5F9134769971}.Release|iPhone.Build.0 = Release|Any CPU
		{247CE0B4-3B55-4868-AEFC-5F9134769971}.Release|iPhoneSimulator.ActiveCfg = Release|Any CPU
		{247CE0B4-3B55-4868-AEFC-5F9134769971}.Release|iPhoneSimulator.Build.0 = Release|Any CPU
		{247CE0B4-3B55-4868-AEFC-5F9134769971}.Release|x86.ActiveCfg = Release|Any CPU
		{247CE0B4-3B55-4868-AEFC-5F9134769971}.Release|x86.Build.0 = Release|Any CPU
	EndGlobalSection
	GlobalSection(SolutionProperties) = preSolution
		HideSolutionNode = FALSE
	EndGlobalSection
EndGlobal
