
Microsoft Visual Studio Solution File, Format Version 12.00
# Visual Studio 15
VisualStudioVersion = 15.0.26228.9
MinimumVisualStudioVersion = 10.0.40219.1
Project("{FAE04EC0-301F-11D3-BF4B-00C04F79EFBC}") = "Calculator", "Calculator\Calculator.csproj", "{19ADA269-ACAE-49A2-8485-5ABBAAE026DC}"
EndProject
Project("{FAE04EC0-301F-11D3-BF4B-00C04F79EFBC}") = "Calculator.iOS", "Calculator.iOS\Calculator.iOS.csproj", "{0CCA8DAB-5E7F-4217-9AC2-F2A82BE069C2}"
EndProject
Project("{FAE04EC0-301F-11D3-BF4B-00C04F79EFBC}") = "Calculator.Droid", "Calculator.Droid\Calculator.Droid.csproj", "{5F01C20B-7694-46E2-AA2F-95F611A89EA5}"
EndProject
Global
	GlobalSection(SolutionConfigurationPlatforms) = preSolution
		Ad-Hoc|Any CPU = Ad-Hoc|Any CPU
		Ad-Hoc|ARM = Ad-Hoc|ARM
		Ad-Hoc|iPhone = Ad-Hoc|iPhone
		Ad-Hoc|iPhoneSimulator = Ad-Hoc|iPhoneSimulator
		Ad-Hoc|x86 = Ad-Hoc|x86
		AppStore|Any CPU = AppStore|Any CPU
		AppStore|ARM = AppStore|ARM
		AppStore|iPhone = AppStore|iPhone
		AppStore|iPhoneSimulator = AppStore|iPhoneSimulator
		AppStore|x86 = AppStore|x86
		Debug|Any CPU = Debug|Any CPU
		Debug|ARM = Debug|ARM
		Debug|iPhone = Debug|iPhone
		Debug|iPhoneSimulator = Debug|iPhoneSimulator
		Debug|x86 = Debug|x86
		Release|Any CPU = Release|Any CPU
		Release|ARM = Release|ARM
		Release|iPhone = Release|iPhone
		Release|iPhoneSimulator = Release|iPhoneSimulator
		Release|x86 = Release|x86
	EndGlobalSection
	GlobalSection(ProjectConfigurationPlatforms) = postSolution
		{19ADA269-ACAE-49A2-8485-5ABBAAE026DC}.Debug|Any CPU.ActiveCfg = Debug|Any CPU
		{19ADA269-ACAE-49A2-8485-5ABBAAE026DC}.Debug|Any CPU.Build.0 = Debug|Any CPU
		{19ADA269-ACAE-49A2-8485-5ABBAAE026DC}.Debug|ARM.ActiveCfg = Debug|Any CPU
		{19ADA269-ACAE-49A2-8485-5ABBAAE026DC}.Debug|ARM.Build.0 = Debug|Any CPU
		{19ADA269-ACAE-49A2-8485-5ABBAAE026DC}.Debug|iPhone.ActiveCfg = Debug|Any CPU
		{19ADA269-ACAE-49A2-8485-5ABBAAE026DC}.Debug|iPhone.Build.0 = Debug|Any CPU
		{19ADA269-ACAE-49A2-8485-5ABBAAE026DC}.Debug|iPhoneSimulator.ActiveCfg = Debug|Any CPU
		{19ADA269-ACAE-49A2-8485-5ABBAAE026DC}.Debug|iPhoneSimulator.Build.0 = Debug|Any CPU
		{19ADA269-ACAE-49A2-8485-5ABBAAE026DC}.Debug|x86.ActiveCfg = Debug|Any CPU
		{19ADA269-ACAE-49A2-8485-5ABBAAE026DC}.Debug|x86.Build.0 = Debug|Any CPU
		{19ADA269-ACAE-49A2-8485-5ABBAAE026DC}.Release|Any CPU.ActiveCfg = Release|Any CPU
		{19ADA269-ACAE-49A2-8485-5ABBAAE026DC}.Release|Any CPU.Build.0 = Release|Any CPU
		{19ADA269-ACAE-49A2-8485-5ABBAAE026DC}.Release|ARM.ActiveCfg = Release|Any CPU
		{19ADA269-ACAE-49A2-8485-5ABBAAE026DC}.Release|ARM.Build.0 = Release|Any CPU
		{19ADA269-ACAE-49A2-8485-5ABBAAE026DC}.Release|iPhone.ActiveCfg = Release|Any CPU
		{19ADA269-ACAE-49A2-8485-5ABBAAE026DC}.Release|iPhone.Build.0 = Release|Any CPU
		{19ADA269-ACAE-49A2-8485-5ABBAAE026DC}.Release|iPhoneSimulator.ActiveCfg = Release|Any CPU
		{19ADA269-ACAE-49A2-8485-5ABBAAE026DC}.Release|iPhoneSimulator.Build.0 = Release|Any CPU
		{19ADA269-ACAE-49A2-8485-5ABBAAE026DC}.Release|x86.ActiveCfg = Release|Any CPU
		{19ADA269-ACAE-49A2-8485-5ABBAAE026DC}.Release|x86.Build.0 = Release|Any CPU
		{0CCA8DAB-5E7F-4217-9AC2-F2A82BE069C2}.Debug|Any CPU.ActiveCfg = Debug|iPhone
		{0CCA8DAB-5E7F-4217-9AC2-F2A82BE069C2}.Debug|Any CPU.Build.0 = Debug|iPhone
		{0CCA8DAB-5E7F-4217-9AC2-F2A82BE069C2}.Debug|ARM.ActiveCfg = Debug|iPhone
		{0CCA8DAB-5E7F-4217-9AC2-F2A82BE069C2}.Debug|iPhone.ActiveCfg = Debug|iPhone
		{0CCA8DAB-5E7F-4217-9AC2-F2A82BE069C2}.Debug|iPhone.Build.0 = Debug|iPhone
		{0CCA8DAB-5E7F-4217-9AC2-F2A82BE069C2}.Debug|iPhoneSimulator.ActiveCfg = Debug|iPhoneSimulator
		{0CCA8DAB-5E7F-4217-9AC2-F2A82BE069C2}.Debug|iPhoneSimulator.Build.0 = Debug|iPhoneSimulator
		{0CCA8DAB-5E7F-4217-9AC2-F2A82BE069C2}.Debug|x86.ActiveCfg = Debug|iPhone
		{0CCA8DAB-5E7F-4217-9AC2-F2A82BE069C2}.Release|Any CPU.ActiveCfg = Release|iPhone
		{0CCA8DAB-5E7F-4217-9AC2-F2A82BE069C2}.Release|Any CPU.Build.0 = Release|iPhone
		{0CCA8DAB-5E7F-4217-9AC2-F2A82BE069C2}.Release|ARM.ActiveCfg = Release|iPhone
		{0CCA8DAB-5E7F-4217-9AC2-F2A82BE069C2}.Release|iPhone.ActiveCfg = Release|iPhone
		{0CCA8DAB-5E7F-4217-9AC2-F2A82BE069C2}.Release|iPhone.Build.0 = Release|iPhone
		{0CCA8DAB-5E7F-4217-9AC2-F2A82BE069C2}.Release|iPhoneSimulator.ActiveCfg = Release|iPhoneSimulator
		{0CCA8DAB-5E7F-4217-9AC2-F2A82BE069C2}.Release|iPhoneSimulator.Build.0 = Release|iPhoneSimulator
		{0CCA8DAB-5E7F-4217-9AC2-F2A82BE069C2}.Release|x86.ActiveCfg = Release|iPhone
		{5F01C20B-7694-46E2-AA2F-95F611A89EA5}.Debug|Any CPU.ActiveCfg = Debug|Any CPU
		{5F01C20B-7694-46E2-AA2F-95F611A89EA5}.Debug|Any CPU.Build.0 = Debug|Any CPU
		{5F01C20B-7694-46E2-AA2F-95F611A89EA5}.Debug|Any CPU.Deploy.0 = Debug|Any CPU
		{5F01C20B-7694-46E2-AA2F-95F611A89EA5}.Debug|ARM.ActiveCfg = Debug|Any CPU
		{5F01C20B-7694-46E2-AA2F-95F611A89EA5}.Debug|ARM.Build.0 = Debug|Any CPU
		{5F01C20B-7694-46E2-AA2F-95F611A89EA5}.Debug|ARM.Deploy.0 = Debug|Any CPU
		{5F01C20B-7694-46E2-AA2F-95F611A89EA5}.Debug|iPhone.ActiveCfg = Debug|Any CPU
		{5F01C20B-7694-46E2-AA2F-95F611A89EA5}.Debug|iPhone.Build.0 = Debug|Any CPU
		{5F01C20B-7694-46E2-AA2F-95F611A89EA5}.Debug|iPhone.Deploy.0 = Debug|Any CPU
		{5F01C20B-7694-46E2-AA2F-95F611A89EA5}.Debug|iPhoneSimulator.ActiveCfg = Debug|Any CPU
		{5F01C20B-7694-46E2-AA2F-95F611A89EA5}.Debug|iPhoneSimulator.Build.0 = Debug|Any CPU
		{5F01C20B-7694-46E2-AA2F-95F611A89EA5}.Debug|iPhoneSimulator.Deploy.0 = Debug|Any CPU
		{5F01C20B-7694-46E2-AA2F-95F611A89EA5}.Debug|x86.ActiveCfg = Debug|Any CPU
		{5F01C20B-7694-46E2-AA2F-95F611A89EA5}.Debug|x86.Build.0 = Debug|Any CPU
		{5F01C20B-7694-46E2-AA2F-95F611A89EA5}.Debug|x86.Deploy.0 = Debug|Any CPU
		{5F01C20B-7694-46E2-AA2F-95F611A89EA5}.Release|Any CPU.ActiveCfg = Release|Any CPU
		{5F01C20B-7694-46E2-AA2F-95F611A89EA5}.Release|Any CPU.Build.0 = Release|Any CPU
		{5F01C20B-7694-46E2-AA2F-95F611A89EA5}.Release|Any CPU.Deploy.0 = Release|Any CPU
		{5F01C20B-7694-46E2-AA2F-95F611A89EA5}.Release|ARM.ActiveCfg = Release|Any CPU
		{5F01C20B-7694-46E2-AA2F-95F611A89EA5}.Release|ARM.Build.0 = Release|Any CPU
		{5F01C20B-7694-46E2-AA2F-95F611A89EA5}.Release|ARM.Deploy.0 = Release|Any CPU
		{5F01C20B-7694-46E2-AA2F-95F611A89EA5}.Release|iPhone.ActiveCfg = Release|Any CPU
		{5F01C20B-7694-46E2-AA2F-95F611A89EA5}.Release|iPhone.Build.0 = Release|Any CPU
		{5F01C20B-7694-46E2-AA2F-95F611A89EA5}.Release|iPhone.Deploy.0 = Release|Any CPU
		{5F01C20B-7694-46E2-AA2F-95F611A89EA5}.Release|iPhoneSimulator.ActiveCfg = Release|Any CPU
		{5F01C20B-7694-46E2-AA2F-95F611A89EA5}.Release|iPhoneSimulator.Build.0 = Release|Any CPU
		{5F01C20B-7694-46E2-AA2F-95F611A89EA5}.Release|iPhoneSimulator.Deploy.0 = Release|Any CPU
		{5F01C20B-7694-46E2-AA2F-95F611A89EA5}.Release|x86.ActiveCfg = Release|Any CPU
		{5F01C20B-7694-46E2-AA2F-95F611A89EA5}.Release|x86.Build.0 = Release|Any CPU
		{5F01C20B-7694-46E2-AA2F-95F611A89EA5}.Release|x86.Deploy.0 = Release|Any CPU
		{4FA132D5-68B4-4BD7-99FA-76AFBB19E9FE}.Debug|Any CPU.ActiveCfg = Debug|x86
		{4FA132D5-68B4-4BD7-99FA-76AFBB19E9FE}.Debug|Any CPU.Build.0 = Debug|x86
		{4FA132D5-68B4-4BD7-99FA-76AFBB19E9FE}.Debug|Any CPU.Deploy.0 = Debug|x86
		{4FA132D5-68B4-4BD7-99FA-76AFBB19E9FE}.Debug|ARM.ActiveCfg = Debug|ARM
		{4FA132D5-68B4-4BD7-99FA-76AFBB19E9FE}.Debug|ARM.Build.0 = Debug|ARM
		{4FA132D5-68B4-4BD7-99FA-76AFBB19E9FE}.Debug|ARM.Deploy.0 = Debug|ARM
		{4FA132D5-68B4-4BD7-99FA-76AFBB19E9FE}.Debug|iPhone.ActiveCfg = Debug|x86
		{4FA132D5-68B4-4BD7-99FA-76AFBB19E9FE}.Debug|iPhone.Build.0 = Debug|x86
		{4FA132D5-68B4-4BD7-99FA-76AFBB19E9FE}.Debug|iPhone.Deploy.0 = Debug|x86
		{4FA132D5-68B4-4BD7-99FA-76AFBB19E9FE}.Debug|iPhoneSimulator.ActiveCfg = Debug|x86
		{4FA132D5-68B4-4BD7-99FA-76AFBB19E9FE}.Debug|iPhoneSimulator.Build.0 = Debug|x86
		{4FA132D5-68B4-4BD7-99FA-76AFBB19E9FE}.Debug|iPhoneSimulator.Deploy.0 = Debug|x86
		{4FA132D5-68B4-4BD7-99FA-76AFBB19E9FE}.Debug|x86.ActiveCfg = Debug|x86
		{4FA132D5-68B4-4BD7-99FA-76AFBB19E9FE}.Debug|x86.Build.0 = Debug|x86
		{4FA132D5-68B4-4BD7-99FA-76AFBB19E9FE}.Debug|x86.Deploy.0 = Debug|x86
		{4FA132D5-68B4-4BD7-99FA-76AFBB19E9FE}.Release|Any CPU.ActiveCfg = Release|x86
		{4FA132D5-68B4-4BD7-99FA-76AFBB19E9FE}.Release|Any CPU.Build.0 = Release|x86
		{4FA132D5-68B4-4BD7-99FA-76AFBB19E9FE}.Release|Any CPU.Deploy.0 = Release|x86
		{4FA132D5-68B4-4BD7-99FA-76AFBB19E9FE}.Release|ARM.ActiveCfg = Release|ARM
		{4FA132D5-68B4-4BD7-99FA-76AFBB19E9FE}.Release|ARM.Build.0 = Release|ARM
		{4FA132D5-68B4-4BD7-99FA-76AFBB19E9FE}.Release|ARM.Deploy.0 = Release|ARM
		{4FA132D5-68B4-4BD7-99FA-76AFBB19E9FE}.Release|iPhone.ActiveCfg = Release|x86
		{4FA132D5-68B4-4BD7-99FA-76AFBB19E9FE}.Release|iPhone.Build.0 = Release|x86
		{4FA132D5-68B4-4BD7-99FA-76AFBB19E9FE}.Release|iPhone.Deploy.0 = Release|x86
		{4FA132D5-68B4-4BD7-99FA-76AFBB19E9FE}.Release|iPhoneSimulator.ActiveCfg = Release|x86
		{4FA132D5-68B4-4BD7-99FA-76AFBB19E9FE}.Release|iPhoneSimulator.Build.0 = Release|x86
		{4FA132D5-68B4-4BD7-99FA-76AFBB19E9FE}.Release|iPhoneSimulator.Deploy.0 = Release|x86
		{4FA132D5-68B4-4BD7-99FA-76AFBB19E9FE}.Release|x86.ActiveCfg = Release|x86
		{4FA132D5-68B4-4BD7-99FA-76AFBB19E9FE}.Release|x86.Build.0 = Release|x86
		{4FA132D5-68B4-4BD7-99FA-76AFBB19E9FE}.Release|x86.Deploy.0 = Release|x86
	EndGlobalSection
	GlobalSection(SolutionProperties) = preSolution
		HideSolutionNode = FALSE
	EndGlobalSection
EndGlobal
