Microsoft Visual Studio Solution File, Format Version 12.00
# Visual Studio 2013
VisualStudioVersion = 12.0.30501.0
MinimumVisualStudioVersion = 10.0.40219.1
Project("{FAE04EC0-301F-11D3-BF4B-00C04F79EFBC}") = "Tasky.Core", "Tasky.Core\Tasky.Core.csproj", "{0C3C87F3-B754-4196-A371-08EAE5BDC2DC}"
EndProject
Project("{FAE04EC0-301F-11D3-BF4B-00C04F79EFBC}") = "Tasky.Droid", "Tasky.Droid\Tasky.Droid.csproj", "{EA729FE3-7050-4F2F-A9E8-A950E898AEB9}"
EndProject
Project("{FAE04EC0-301F-11D3-BF4B-00C04F79EFBC}") = "Tasky.WinPhone8", "Tasky.WinPhone8\Tasky.WinPhone8.csproj", "{2B22933F-2B20-49D8-B908-B87B90ADFA7B}"
EndProject
Project("{FAE04EC0-301F-11D3-BF4B-00C04F79EFBC}") = "Tasky.iOS", "Tasky.iOS\Tasky.iOS.csproj", "{08FAE550-E302-4022-A871-17E0462E99F3}"
EndProject
Project("{FAE04EC0-301F-11D3-BF4B-00C04F79EFBC}") = "Tasky.Core.Tests", "Tasky.Core.Tests\Tasky.Core.Tests.csproj", "{C4F1A8D4-97C4-42A9-A2FD-ABA33EF7CD9D}"
EndProject
Project("{2150E333-8FDC-42A3-9474-1A3956D46DE8}") = "Solution Items", "Solution Items", "{CE9896FE-7C16-4642-8A00-9CAA5A5082B1}"
	ProjectSection(SolutionItems) = preProject
		Local.testsettings = Local.testsettings
		TaskyVS.vsmdi = TaskyVS.vsmdi
		TraceAndTestImpact.testsettings = TraceAndTestImpact.testsettings
	EndProjectSection
EndProject
Project("{FAE04EC0-301F-11D3-BF4B-00C04F79EFBC}") = "TaskyWin81", "Tasky.Win81\TaskyWin81.csproj", "{9B681732-62EF-44EF-B3E3-6A9275492022}"
EndProject
Global
	GlobalSection(SolutionConfigurationPlatforms) = preSolution
		Debug|Any CPU = Debug|Any CPU
		Debug|ARM = Debug|ARM
		Debug|iPhone = Debug|iPhone
		Debug|iPhoneSimulator = Debug|iPhoneSimulator
		Debug|Mixed Platforms = Debug|Mixed Platforms
		Debug|x64 = Debug|x64
		Debug|x86 = Debug|x86
		Release|Any CPU = Release|Any CPU
		Release|ARM = Release|ARM
		Release|iPhone = Release|iPhone
		Release|iPhoneSimulator = Release|iPhoneSimulator
		Release|Mixed Platforms = Release|Mixed Platforms
		Release|x64 = Release|x64
		Release|x86 = Release|x86
	EndGlobalSection
	GlobalSection(ProjectConfigurationPlatforms) = postSolution
		{0C3C87F3-B754-4196-A371-08EAE5BDC2DC}.Debug|Any CPU.ActiveCfg = Debug|Any CPU
		{0C3C87F3-B754-4196-A371-08EAE5BDC2DC}.Debug|Any CPU.Build.0 = Debug|Any CPU
		{0C3C87F3-B754-4196-A371-08EAE5BDC2DC}.Debug|ARM.ActiveCfg = Debug|Any CPU
		{0C3C87F3-B754-4196-A371-08EAE5BDC2DC}.Debug|iPhone.ActiveCfg = Debug|Any CPU
		{0C3C87F3-B754-4196-A371-08EAE5BDC2DC}.Debug|iPhoneSimulator.ActiveCfg = Debug|Any CPU
		{0C3C87F3-B754-4196-A371-08EAE5BDC2DC}.Debug|Mixed Platforms.ActiveCfg = Debug|Any CPU
		{0C3C87F3-B754-4196-A371-08EAE5BDC2DC}.Debug|Mixed Platforms.Build.0 = Debug|Any CPU
		{0C3C87F3-B754-4196-A371-08EAE5BDC2DC}.Debug|x64.ActiveCfg = Debug|Any CPU
		{0C3C87F3-B754-4196-A371-08EAE5BDC2DC}.Debug|x86.ActiveCfg = Debug|Any CPU
		{0C3C87F3-B754-4196-A371-08EAE5BDC2DC}.Release|Any CPU.ActiveCfg = Release|Any CPU
		{0C3C87F3-B754-4196-A371-08EAE5BDC2DC}.Release|Any CPU.Build.0 = Release|Any CPU
		{0C3C87F3-B754-4196-A371-08EAE5BDC2DC}.Release|ARM.ActiveCfg = Release|Any CPU
		{0C3C87F3-B754-4196-A371-08EAE5BDC2DC}.Release|iPhone.ActiveCfg = Release|Any CPU
		{0C3C87F3-B754-4196-A371-08EAE5BDC2DC}.Release|iPhoneSimulator.ActiveCfg = Release|Any CPU
		{0C3C87F3-B754-4196-A371-08EAE5BDC2DC}.Release|Mixed Platforms.ActiveCfg = Release|Any CPU
		{0C3C87F3-B754-4196-A371-08EAE5BDC2DC}.Release|Mixed Platforms.Build.0 = Release|Any CPU
		{0C3C87F3-B754-4196-A371-08EAE5BDC2DC}.Release|x64.ActiveCfg = Release|Any CPU
		{0C3C87F3-B754-4196-A371-08EAE5BDC2DC}.Release|x86.ActiveCfg = Release|Any CPU
		{EA729FE3-7050-4F2F-A9E8-A950E898AEB9}.Debug|Any CPU.ActiveCfg = Debug|Any CPU
		{EA729FE3-7050-4F2F-A9E8-A950E898AEB9}.Debug|Any CPU.Build.0 = Debug|Any CPU
		{EA729FE3-7050-4F2F-A9E8-A950E898AEB9}.Debug|Any CPU.Deploy.0 = Debug|Any CPU
		{EA729FE3-7050-4F2F-A9E8-A950E898AEB9}.Debug|ARM.ActiveCfg = Debug|Any CPU
		{EA729FE3-7050-4F2F-A9E8-A950E898AEB9}.Debug|iPhone.ActiveCfg = Debug|Any CPU
		{EA729FE3-7050-4F2F-A9E8-A950E898AEB9}.Debug|iPhoneSimulator.ActiveCfg = Debug|Any CPU
		{EA729FE3-7050-4F2F-A9E8-A950E898AEB9}.Debug|Mixed Platforms.ActiveCfg = Debug|Any CPU
		{EA729FE3-7050-4F2F-A9E8-A950E898AEB9}.Debug|Mixed Platforms.Build.0 = Debug|Any CPU
		{EA729FE3-7050-4F2F-A9E8-A950E898AEB9}.Debug|Mixed Platforms.Deploy.0 = Debug|Any CPU
		{EA729FE3-7050-4F2F-A9E8-A950E898AEB9}.Debug|x64.ActiveCfg = Debug|Any CPU
		{EA729FE3-7050-4F2F-A9E8-A950E898AEB9}.Debug|x86.ActiveCfg = Debug|Any CPU
		{EA729FE3-7050-4F2F-A9E8-A950E898AEB9}.Release|Any CPU.ActiveCfg = Release|Any CPU
		{EA729FE3-7050-4F2F-A9E8-A950E898AEB9}.Release|Any CPU.Build.0 = Release|Any CPU
		{EA729FE3-7050-4F2F-A9E8-A950E898AEB9}.Release|Any CPU.Deploy.0 = Release|Any CPU
		{EA729FE3-7050-4F2F-A9E8-A950E898AEB9}.Release|ARM.ActiveCfg = Release|Any CPU
		{EA729FE3-7050-4F2F-A9E8-A950E898AEB9}.Release|iPhone.ActiveCfg = Release|Any CPU
		{EA729FE3-7050-4F2F-A9E8-A950E898AEB9}.Release|iPhoneSimulator.ActiveCfg = Release|Any CPU
		{EA729FE3-7050-4F2F-A9E8-A950E898AEB9}.Release|Mixed Platforms.ActiveCfg = Release|Any CPU
		{EA729FE3-7050-4F2F-A9E8-A950E898AEB9}.Release|Mixed Platforms.Build.0 = Release|Any CPU
		{EA729FE3-7050-4F2F-A9E8-A950E898AEB9}.Release|Mixed Platforms.Deploy.0 = Release|Any CPU
		{EA729FE3-7050-4F2F-A9E8-A950E898AEB9}.Release|x64.ActiveCfg = Release|Any CPU
		{EA729FE3-7050-4F2F-A9E8-A950E898AEB9}.Release|x86.ActiveCfg = Release|Any CPU
		{2B22933F-2B20-49D8-B908-B87B90ADFA7B}.Debug|Any CPU.ActiveCfg = Debug|Any CPU
		{2B22933F-2B20-49D8-B908-B87B90ADFA7B}.Debug|Any CPU.Build.0 = Debug|Any CPU
		{2B22933F-2B20-49D8-B908-B87B90ADFA7B}.Debug|Any CPU.Deploy.0 = Debug|Any CPU
		{2B22933F-2B20-49D8-B908-B87B90ADFA7B}.Debug|ARM.ActiveCfg = Debug|ARM
		{2B22933F-2B20-49D8-B908-B87B90ADFA7B}.Debug|ARM.Build.0 = Debug|ARM
		{2B22933F-2B20-49D8-B908-B87B90ADFA7B}.Debug|ARM.Deploy.0 = Debug|ARM
		{2B22933F-2B20-49D8-B908-B87B90ADFA7B}.Debug|iPhone.ActiveCfg = Debug|Any CPU
		{2B22933F-2B20-49D8-B908-B87B90ADFA7B}.Debug|iPhoneSimulator.ActiveCfg = Debug|Any CPU
		{2B22933F-2B20-49D8-B908-B87B90ADFA7B}.Debug|Mixed Platforms.ActiveCfg = Debug|Any CPU
		{2B22933F-2B20-49D8-B908-B87B90ADFA7B}.Debug|Mixed Platforms.Build.0 = Debug|Any CPU
		{2B22933F-2B20-49D8-B908-B87B90ADFA7B}.Debug|Mixed Platforms.Deploy.0 = Debug|Any CPU
		{2B22933F-2B20-49D8-B908-B87B90ADFA7B}.Debug|x64.ActiveCfg = Debug|Any CPU
		{2B22933F-2B20-49D8-B908-B87B90ADFA7B}.Debug|x86.ActiveCfg = Debug|x86
		{2B22933F-2B20-49D8-B908-B87B90ADFA7B}.Debug|x86.Build.0 = Debug|x86
		{2B22933F-2B20-49D8-B908-B87B90ADFA7B}.Debug|x86.Deploy.0 = Debug|x86
		{2B22933F-2B20-49D8-B908-B87B90ADFA7B}.Release|Any CPU.ActiveCfg = Release|Any CPU
		{2B22933F-2B20-49D8-B908-B87B90ADFA7B}.Release|Any CPU.Build.0 = Release|Any CPU
		{2B22933F-2B20-49D8-B908-B87B90ADFA7B}.Release|Any CPU.Deploy.0 = Release|Any CPU
		{2B22933F-2B20-49D8-B908-B87B90ADFA7B}.Release|ARM.ActiveCfg = Release|ARM
		{2B22933F-2B20-49D8-B908-B87B90ADFA7B}.Release|ARM.Build.0 = Release|ARM
		{2B22933F-2B20-49D8-B908-B87B90ADFA7B}.Release|ARM.Deploy.0 = Release|ARM
		{2B22933F-2B20-49D8-B908-B87B90ADFA7B}.Release|iPhone.ActiveCfg = Release|Any CPU
		{2B22933F-2B20-49D8-B908-B87B90ADFA7B}.Release|iPhoneSimulator.ActiveCfg = Release|Any CPU
		{2B22933F-2B20-49D8-B908-B87B90ADFA7B}.Release|Mixed Platforms.ActiveCfg = Release|Any CPU
		{2B22933F-2B20-49D8-B908-B87B90ADFA7B}.Release|Mixed Platforms.Build.0 = Release|Any CPU
		{2B22933F-2B20-49D8-B908-B87B90ADFA7B}.Release|Mixed Platforms.Deploy.0 = Release|Any CPU
		{2B22933F-2B20-49D8-B908-B87B90ADFA7B}.Release|x64.ActiveCfg = Release|Any CPU
		{2B22933F-2B20-49D8-B908-B87B90ADFA7B}.Release|x86.ActiveCfg = Release|x86
		{2B22933F-2B20-49D8-B908-B87B90ADFA7B}.Release|x86.Build.0 = Release|x86
		{2B22933F-2B20-49D8-B908-B87B90ADFA7B}.Release|x86.Deploy.0 = Release|x86
		{08FAE550-E302-4022-A871-17E0462E99F3}.Debug|Any CPU.ActiveCfg = Debug|iPhone
		{08FAE550-E302-4022-A871-17E0462E99F3}.Debug|ARM.ActiveCfg = Debug|iPhoneSimulator
		{08FAE550-E302-4022-A871-17E0462E99F3}.Debug|iPhone.ActiveCfg = Debug|iPhone
		{08FAE550-E302-4022-A871-17E0462E99F3}.Debug|iPhone.Build.0 = Debug|iPhone
		{08FAE550-E302-4022-A871-17E0462E99F3}.Debug|iPhone.Deploy.0 = Debug|iPhone
		{08FAE550-E302-4022-A871-17E0462E99F3}.Debug|iPhoneSimulator.ActiveCfg = Debug|iPhoneSimulator
		{08FAE550-E302-4022-A871-17E0462E99F3}.Debug|iPhoneSimulator.Build.0 = Debug|iPhoneSimulator
		{08FAE550-E302-4022-A871-17E0462E99F3}.Debug|iPhoneSimulator.Deploy.0 = Debug|iPhoneSimulator
		{08FAE550-E302-4022-A871-17E0462E99F3}.Debug|Mixed Platforms.ActiveCfg = Debug|iPhone
		{08FAE550-E302-4022-A871-17E0462E99F3}.Debug|Mixed Platforms.Build.0 = Debug|iPhone
		{08FAE550-E302-4022-A871-17E0462E99F3}.Debug|x64.ActiveCfg = Debug|iPhoneSimulator
		{08FAE550-E302-4022-A871-17E0462E99F3}.Debug|x86.ActiveCfg = Debug|iPhoneSimulator
		{08FAE550-E302-4022-A871-17E0462E99F3}.Release|Any CPU.ActiveCfg = Release|iPhone
		{08FAE550-E302-4022-A871-17E0462E99F3}.Release|ARM.ActiveCfg = Release|iPhoneSimulator
		{08FAE550-E302-4022-A871-17E0462E99F3}.Release|iPhone.ActiveCfg = Release|iPhone
		{08FAE550-E302-4022-A871-17E0462E99F3}.Release|iPhone.Build.0 = Release|iPhone
		{08FAE550-E302-4022-A871-17E0462E99F3}.Release|iPhone.Deploy.0 = Release|iPhone
		{08FAE550-E302-4022-A871-17E0462E99F3}.Release|iPhoneSimulator.ActiveCfg = Release|iPhoneSimulator
		{08FAE550-E302-4022-A871-17E0462E99F3}.Release|iPhoneSimulator.Build.0 = Release|iPhoneSimulator
		{08FAE550-E302-4022-A871-17E0462E99F3}.Release|iPhoneSimulator.Deploy.0 = Release|iPhoneSimulator
		{08FAE550-E302-4022-A871-17E0462E99F3}.Release|Mixed Platforms.ActiveCfg = Release|iPhone
		{08FAE550-E302-4022-A871-17E0462E99F3}.Release|Mixed Platforms.Build.0 = Release|iPhone
		{08FAE550-E302-4022-A871-17E0462E99F3}.Release|x64.ActiveCfg = Release|iPhoneSimulator
		{08FAE550-E302-4022-A871-17E0462E99F3}.Release|x86.ActiveCfg = Release|iPhoneSimulator
		{C4F1A8D4-97C4-42A9-A2FD-ABA33EF7CD9D}.Debug|Any CPU.ActiveCfg = Debug|Any CPU
		{C4F1A8D4-97C4-42A9-A2FD-ABA33EF7CD9D}.Debug|Any CPU.Build.0 = Debug|Any CPU
		{C4F1A8D4-97C4-42A9-A2FD-ABA33EF7CD9D}.Debug|ARM.ActiveCfg = Debug|Any CPU
		{C4F1A8D4-97C4-42A9-A2FD-ABA33EF7CD9D}.Debug|iPhone.ActiveCfg = Debug|Any CPU
		{C4F1A8D4-97C4-42A9-A2FD-ABA33EF7CD9D}.Debug|iPhoneSimulator.ActiveCfg = Debug|Any CPU
		{C4F1A8D4-97C4-42A9-A2FD-ABA33EF7CD9D}.Debug|Mixed Platforms.ActiveCfg = Debug|Any CPU
		{C4F1A8D4-97C4-42A9-A2FD-ABA33EF7CD9D}.Debug|Mixed Platforms.Build.0 = Debug|Any CPU
		{C4F1A8D4-97C4-42A9-A2FD-ABA33EF7CD9D}.Debug|x64.ActiveCfg = Debug|Any CPU
		{C4F1A8D4-97C4-42A9-A2FD-ABA33EF7CD9D}.Debug|x86.ActiveCfg = Debug|Any CPU
		{C4F1A8D4-97C4-42A9-A2FD-ABA33EF7CD9D}.Release|Any CPU.ActiveCfg = Release|Any CPU
		{C4F1A8D4-97C4-42A9-A2FD-ABA33EF7CD9D}.Release|Any CPU.Build.0 = Release|Any CPU
		{C4F1A8D4-97C4-42A9-A2FD-ABA33EF7CD9D}.Release|ARM.ActiveCfg = Release|Any CPU
		{C4F1A8D4-97C4-42A9-A2FD-ABA33EF7CD9D}.Release|iPhone.ActiveCfg = Release|Any CPU
		{C4F1A8D4-97C4-42A9-A2FD-ABA33EF7CD9D}.Release|iPhoneSimulator.ActiveCfg = Release|Any CPU
		{C4F1A8D4-97C4-42A9-A2FD-ABA33EF7CD9D}.Release|Mixed Platforms.ActiveCfg = Release|Any CPU
		{C4F1A8D4-97C4-42A9-A2FD-ABA33EF7CD9D}.Release|Mixed Platforms.Build.0 = Release|Any CPU
		{C4F1A8D4-97C4-42A9-A2FD-ABA33EF7CD9D}.Release|x64.ActiveCfg = Release|Any CPU
		{C4F1A8D4-97C4-42A9-A2FD-ABA33EF7CD9D}.Release|x86.ActiveCfg = Release|Any CPU
		{9B681732-62EF-44EF-B3E3-6A9275492022}.Debug|Any CPU.ActiveCfg = Debug|Any CPU
		{9B681732-62EF-44EF-B3E3-6A9275492022}.Debug|Any CPU.Build.0 = Debug|Any CPU
		{9B681732-62EF-44EF-B3E3-6A9275492022}.Debug|Any CPU.Deploy.0 = Debug|Any CPU
		{9B681732-62EF-44EF-B3E3-6A9275492022}.Debug|ARM.ActiveCfg = Debug|ARM
		{9B681732-62EF-44EF-B3E3-6A9275492022}.Debug|ARM.Build.0 = Debug|ARM
		{9B681732-62EF-44EF-B3E3-6A9275492022}.Debug|ARM.Deploy.0 = Debug|ARM
		{9B681732-62EF-44EF-B3E3-6A9275492022}.Debug|iPhone.ActiveCfg = Debug|Any CPU
		{9B681732-62EF-44EF-B3E3-6A9275492022}.Debug|iPhoneSimulator.ActiveCfg = Debug|Any CPU
		{9B681732-62EF-44EF-B3E3-6A9275492022}.Debug|Mixed Platforms.ActiveCfg = Debug|x86
		{9B681732-62EF-44EF-B3E3-6A9275492022}.Debug|Mixed Platforms.Build.0 = Debug|x86
		{9B681732-62EF-44EF-B3E3-6A9275492022}.Debug|Mixed Platforms.Deploy.0 = Debug|x86
		{9B681732-62EF-44EF-B3E3-6A9275492022}.Debug|x64.ActiveCfg = Debug|x64
		{9B681732-62EF-44EF-B3E3-6A9275492022}.Debug|x64.Build.0 = Debug|x64
		{9B681732-62EF-44EF-B3E3-6A9275492022}.Debug|x64.Deploy.0 = Debug|x64
		{9B681732-62EF-44EF-B3E3-6A9275492022}.Debug|x86.ActiveCfg = Debug|x86
		{9B681732-62EF-44EF-B3E3-6A9275492022}.Debug|x86.Build.0 = Debug|x86
		{9B681732-62EF-44EF-B3E3-6A9275492022}.Debug|x86.Deploy.0 = Debug|x86
		{9B681732-62EF-44EF-B3E3-6A9275492022}.Release|Any CPU.ActiveCfg = Release|Any CPU
		{9B681732-62EF-44EF-B3E3-6A9275492022}.Release|Any CPU.Build.0 = Release|Any CPU
		{9B681732-62EF-44EF-B3E3-6A9275492022}.Release|Any CPU.Deploy.0 = Release|Any CPU
		{9B681732-62EF-44EF-B3E3-6A9275492022}.Release|ARM.ActiveCfg = Release|ARM
		{9B681732-62EF-44EF-B3E3-6A9275492022}.Release|ARM.Build.0 = Release|ARM
		{9B681732-62EF-44EF-B3E3-6A9275492022}.Release|ARM.Deploy.0 = Release|ARM
		{9B681732-62EF-44EF-B3E3-6A9275492022}.Release|iPhone.ActiveCfg = Release|Any CPU
		{9B681732-62EF-44EF-B3E3-6A9275492022}.Release|iPhoneSimulator.ActiveCfg = Release|Any CPU
		{9B681732-62EF-44EF-B3E3-6A9275492022}.Release|Mixed Platforms.ActiveCfg = Release|x86
		{9B681732-62EF-44EF-B3E3-6A9275492022}.Release|Mixed Platforms.Build.0 = Release|x86
		{9B681732-62EF-44EF-B3E3-6A9275492022}.Release|Mixed Platforms.Deploy.0 = Release|x86
		{9B681732-62EF-44EF-B3E3-6A9275492022}.Release|x64.ActiveCfg = Release|x64
		{9B681732-62EF-44EF-B3E3-6A9275492022}.Release|x64.Build.0 = Release|x64
		{9B681732-62EF-44EF-B3E3-6A9275492022}.Release|x64.Deploy.0 = Release|x64
		{9B681732-62EF-44EF-B3E3-6A9275492022}.Release|x86.ActiveCfg = Release|x86
		{9B681732-62EF-44EF-B3E3-6A9275492022}.Release|x86.Build.0 = Release|x86
		{9B681732-62EF-44EF-B3E3-6A9275492022}.Release|x86.Deploy.0 = Release|x86
	EndGlobalSection
	GlobalSection(SolutionProperties) = preSolution
		HideSolutionNode = FALSE
	EndGlobalSection
	GlobalSection(TestCaseManagementSettings) = postSolution
		CategoryFile = TaskyVS.vsmdi
	EndGlobalSection
EndGlobal
