Microsoft Visual Studio Solution File, Format Version 11.00
# Visual Studio 2010
Project("{FAE04EC0-301F-11D3-BF4B-00C04F79EFBC}") = "Tasky.Core.WP7", "Tasky.Core\Tasky.Core.WP7.csproj", "{5E634ED0-7A59-4A39-8415-175034A02C16}"
EndProject
Project("{FAE04EC0-301F-11D3-BF4B-00C04F79EFBC}") = "TaskyWP7", "TaskyWP7\TaskyWP7.csproj", "{8FD09DFC-EE0E-448C-8E0A-6FD727332081}"
EndProject
Global
	GlobalSection(SolutionConfigurationPlatforms) = preSolution
		Debug|Any CPU = Debug|Any CPU
		Debug|iPhone = Debug|iPhone
		Debug|iPhoneSimulator = Debug|iPhoneSimulator
		Release|Any CPU = Release|Any CPU
		Release|iPhone = Release|iPhone
		Release|iPhoneSimulator = Release|iPhoneSimulator
	EndGlobalSection
	GlobalSection(ProjectConfigurationPlatforms) = postSolution
		{5E634ED0-7A59-4A39-8415-175034A02C16}.Debug|Any CPU.ActiveCfg = Debug|Any CPU
		{5E634ED0-7A59-4A39-8415-175034A02C16}.Debug|Any CPU.Build.0 = Debug|Any CPU
		{5E634ED0-7A59-4A39-8415-175034A02C16}.Debug|iPhone.ActiveCfg = Debug|Any CPU
		{5E634ED0-7A59-4A39-8415-175034A02C16}.Debug|iPhoneSimulator.ActiveCfg = Debug|Any CPU
		{5E634ED0-7A59-4A39-8415-175034A02C16}.Release|Any CPU.ActiveCfg = Release|Any CPU
		{5E634ED0-7A59-4A39-8415-175034A02C16}.Release|Any CPU.Build.0 = Release|Any CPU
		{5E634ED0-7A59-4A39-8415-175034A02C16}.Release|iPhone.ActiveCfg = Release|Any CPU
		{5E634ED0-7A59-4A39-8415-175034A02C16}.Release|iPhoneSimulator.ActiveCfg = Release|Any CPU
		{8FD09DFC-EE0E-448C-8E0A-6FD727332081}.Debug|Any CPU.ActiveCfg = Debug|Any CPU
		{8FD09DFC-EE0E-448C-8E0A-6FD727332081}.Debug|Any CPU.Build.0 = Debug|Any CPU
		{8FD09DFC-EE0E-448C-8E0A-6FD727332081}.Debug|Any CPU.Deploy.0 = Debug|Any CPU
		{8FD09DFC-EE0E-448C-8E0A-6FD727332081}.Debug|iPhone.ActiveCfg = Debug|Any CPU
		{8FD09DFC-EE0E-448C-8E0A-6FD727332081}.Debug|iPhoneSimulator.ActiveCfg = Debug|Any CPU
		{8FD09DFC-EE0E-448C-8E0A-6FD727332081}.Release|Any CPU.ActiveCfg = Release|Any CPU
		{8FD09DFC-EE0E-448C-8E0A-6FD727332081}.Release|Any CPU.Build.0 = Release|Any CPU
		{8FD09DFC-EE0E-448C-8E0A-6FD727332081}.Release|Any CPU.Deploy.0 = Release|Any CPU
		{8FD09DFC-EE0E-448C-8E0A-6FD727332081}.Release|iPhone.ActiveCfg = Release|Any CPU
		{8FD09DFC-EE0E-448C-8E0A-6FD727332081}.Release|iPhoneSimulator.ActiveCfg = Release|Any CPU
	EndGlobalSection
	GlobalSection(SolutionProperties) = preSolution
		HideSolutionNode = FALSE
	EndGlobalSection
	GlobalSection(MonoDevelopProperties) = preSolution
		StartupItem = TaskyWP7\TaskyWP7.csproj
	EndGlobalSection
EndGlobal
