
Microsoft Visual Studio Solution File, Format Version 12.00
# Visual Studio 2012
Project("{D954291E-2A0B-460D-934E-DC6B0785DB48}") = "WalkingGame", "WalkingGame\WalkingGame.shproj", "{DC1CF201-F64E-420F-BEEA-849CFF7F9122}"
EndProject
Project("{FAE04EC0-301F-11D3-BF4B-00C04F79EFBC}") = "WalkingGame.iOS", "iOS\WalkingGame.iOS.csproj", "{A91BC717-9CD2-4CC8-BF12-3AA87256F81A}"
EndProject
Project("{FAE04EC0-301F-11D3-BF4B-00C04F79EFBC}") = "WalkingGame.Droid", "Android\WalkingGame.Droid.csproj", "{0A2B68ED-3550-4894-958D-8643609E3085}"
EndProject
Global
	GlobalSection(SolutionConfigurationPlatforms) = preSolution
		Debug|iPhoneSimulator = Debug|iPhoneSimulator
		Release|iPhone = Release|iPhone
		Release|iPhoneSimulator = Release|iPhoneSimulator
		Debug|iPhone = Debug|iPhone
		Debug|Any CPU = Debug|Any CPU
		Release|Any CPU = Release|Any CPU
	EndGlobalSection
	GlobalSection(ProjectConfigurationPlatforms) = postSolution
		{0A2B68ED-3550-4894-958D-8643609E3085}.Debug|Any CPU.ActiveCfg = Debug|Any CPU
		{0A2B68ED-3550-4894-958D-8643609E3085}.Debug|Any CPU.Build.0 = Debug|Any CPU
		{0A2B68ED-3550-4894-958D-8643609E3085}.Debug|iPhone.ActiveCfg = Debug|Any CPU
		{0A2B68ED-3550-4894-958D-8643609E3085}.Debug|iPhone.Build.0 = Debug|Any CPU
		{0A2B68ED-3550-4894-958D-8643609E3085}.Debug|iPhoneSimulator.ActiveCfg = Debug|Any CPU
		{0A2B68ED-3550-4894-958D-8643609E3085}.Debug|iPhoneSimulator.Build.0 = Debug|Any CPU
		{0A2B68ED-3550-4894-958D-8643609E3085}.Release|Any CPU.ActiveCfg = Release|Any CPU
		{0A2B68ED-3550-4894-958D-8643609E3085}.Release|Any CPU.Build.0 = Release|Any CPU
		{0A2B68ED-3550-4894-958D-8643609E3085}.Release|iPhone.ActiveCfg = Release|Any CPU
		{0A2B68ED-3550-4894-958D-8643609E3085}.Release|iPhone.Build.0 = Release|Any CPU
		{0A2B68ED-3550-4894-958D-8643609E3085}.Release|iPhoneSimulator.ActiveCfg = Release|Any CPU
		{0A2B68ED-3550-4894-958D-8643609E3085}.Release|iPhoneSimulator.Build.0 = Release|Any CPU
		{A91BC717-9CD2-4CC8-BF12-3AA87256F81A}.Debug|Any CPU.ActiveCfg = Debug|iPhoneSimulator
		{A91BC717-9CD2-4CC8-BF12-3AA87256F81A}.Debug|Any CPU.Build.0 = Debug|iPhoneSimulator
		{A91BC717-9CD2-4CC8-BF12-3AA87256F81A}.Debug|iPhone.ActiveCfg = Debug|iPhone
		{A91BC717-9CD2-4CC8-BF12-3AA87256F81A}.Debug|iPhone.Build.0 = Debug|iPhone
		{A91BC717-9CD2-4CC8-BF12-3AA87256F81A}.Debug|iPhoneSimulator.ActiveCfg = Debug|iPhoneSimulator
		{A91BC717-9CD2-4CC8-BF12-3AA87256F81A}.Debug|iPhoneSimulator.Build.0 = Debug|iPhoneSimulator
		{A91BC717-9CD2-4CC8-BF12-3AA87256F81A}.Release|Any CPU.ActiveCfg = Release|iPhone
		{A91BC717-9CD2-4CC8-BF12-3AA87256F81A}.Release|Any CPU.Build.0 = Release|iPhone
		{A91BC717-9CD2-4CC8-BF12-3AA87256F81A}.Release|iPhone.ActiveCfg = Release|iPhone
		{A91BC717-9CD2-4CC8-BF12-3AA87256F81A}.Release|iPhone.Build.0 = Release|iPhone
		{A91BC717-9CD2-4CC8-BF12-3AA87256F81A}.Release|iPhoneSimulator.ActiveCfg = Release|iPhoneSimulator
		{A91BC717-9CD2-4CC8-BF12-3AA87256F81A}.Release|iPhoneSimulator.Build.0 = Release|iPhoneSimulator
	EndGlobalSection
EndGlobal
