
Microsoft Visual Studio Solution File, Format Version 12.00
# Visual Studio 15
VisualStudioVersion = 15.0.26127.3
MinimumVisualStudioVersion = 10.0.40219.1
Project("{FAE04EC0-301F-11D3-BF4B-00C04F79EFBC}") = "TaskyNetStandard.Droid", "TaskyNetStandard.Droid\TaskyNetStandard.Droid.csproj", "{A88CC6EF-290F-4E64-BCD9-DD2180081BD0}"
EndProject
Project("{FAE04EC0-301F-11D3-BF4B-00C04F79EFBC}") = "TaskyNetStandard.Core", "TaskyNetStandard.Core\TaskyNetStandard.Core.csproj", "{7B066FDE-ECD5-44FA-8600-C50FE453B0CE}"
EndProject
Project("{FAE04EC0-301F-11D3-BF4B-00C04F79EFBC}") = "TaskyNetStandard.iOS", "TaskyNetStandard.iOS\TaskyNetStandard.iOS.csproj", "{96528309-0D7A-47BF-B1D0-F8EFDBD87B85}"
EndProject
Global
	GlobalSection(SolutionConfigurationPlatforms) = preSolution
		Ad-Hoc|Any CPU = Ad-Hoc|Any CPU
		Ad-Hoc|iPhone = Ad-Hoc|iPhone
		Ad-Hoc|iPhoneSimulator = Ad-Hoc|iPhoneSimulator
		Ad-Hoc|x64 = Ad-Hoc|x64
		Ad-Hoc|x86 = Ad-Hoc|x86
		AppStore|Any CPU = AppStore|Any CPU
		AppStore|iPhone = AppStore|iPhone
		AppStore|iPhoneSimulator = AppStore|iPhoneSimulator
		AppStore|x64 = AppStore|x64
		AppStore|x86 = AppStore|x86
		Debug|Any CPU = Debug|Any CPU
		Debug|iPhone = Debug|iPhone
		Debug|iPhoneSimulator = Debug|iPhoneSimulator
		Debug|x64 = Debug|x64
		Debug|x86 = Debug|x86
		Release|Any CPU = Release|Any CPU
		Release|iPhone = Release|iPhone
		Release|iPhoneSimulator = Release|iPhoneSimulator
		Release|x64 = Release|x64
		Release|x86 = Release|x86
	EndGlobalSection
	GlobalSection(ProjectConfigurationPlatforms) = postSolution
		{A88CC6EF-290F-4E64-BCD9-DD2180081BD0}.Ad-Hoc|Any CPU.ActiveCfg = Release|Any CPU
		{A88CC6EF-290F-4E64-BCD9-DD2180081BD0}.Ad-Hoc|Any CPU.Build.0 = Release|Any CPU
		{A88CC6EF-290F-4E64-BCD9-DD2180081BD0}.Ad-Hoc|Any CPU.Deploy.0 = Release|Any CPU
		{A88CC6EF-290F-4E64-BCD9-DD2180081BD0}.Ad-Hoc|iPhone.ActiveCfg = Release|Any CPU
		{A88CC6EF-290F-4E64-BCD9-DD2180081BD0}.Ad-Hoc|iPhone.Build.0 = Release|Any CPU
		{A88CC6EF-290F-4E64-BCD9-DD2180081BD0}.Ad-Hoc|iPhone.Deploy.0 = Release|Any CPU
		{A88CC6EF-290F-4E64-BCD9-DD2180081BD0}.Ad-Hoc|iPhoneSimulator.ActiveCfg = Release|Any CPU
		{A88CC6EF-290F-4E64-BCD9-DD2180081BD0}.Ad-Hoc|iPhoneSimulator.Build.0 = Release|Any CPU
		{A88CC6EF-290F-4E64-BCD9-DD2180081BD0}.Ad-Hoc|iPhoneSimulator.Deploy.0 = Release|Any CPU
		{A88CC6EF-290F-4E64-BCD9-DD2180081BD0}.Ad-Hoc|x64.ActiveCfg = Release|Any CPU
		{A88CC6EF-290F-4E64-BCD9-DD2180081BD0}.Ad-Hoc|x64.Build.0 = Release|Any CPU
		{A88CC6EF-290F-4E64-BCD9-DD2180081BD0}.Ad-Hoc|x64.Deploy.0 = Release|Any CPU
		{A88CC6EF-290F-4E64-BCD9-DD2180081BD0}.Ad-Hoc|x86.ActiveCfg = Release|Any CPU
		{A88CC6EF-290F-4E64-BCD9-DD2180081BD0}.Ad-Hoc|x86.Build.0 = Release|Any CPU
		{A88CC6EF-290F-4E64-BCD9-DD2180081BD0}.Ad-Hoc|x86.Deploy.0 = Release|Any CPU
		{A88CC6EF-290F-4E64-BCD9-DD2180081BD0}.AppStore|Any CPU.ActiveCfg = Release|Any CPU
		{A88CC6EF-290F-4E64-BCD9-DD2180081BD0}.AppStore|Any CPU.Build.0 = Release|Any CPU
		{A88CC6EF-290F-4E64-BCD9-DD2180081BD0}.AppStore|Any CPU.Deploy.0 = Release|Any CPU
		{A88CC6EF-290F-4E64-BCD9-DD2180081BD0}.AppStore|iPhone.ActiveCfg = Release|Any CPU
		{A88CC6EF-290F-4E64-BCD9-DD2180081BD0}.AppStore|iPhone.Build.0 = Release|Any CPU
		{A88CC6EF-290F-4E64-BCD9-DD2180081BD0}.AppStore|iPhone.Deploy.0 = Release|Any CPU
		{A88CC6EF-290F-4E64-BCD9-DD2180081BD0}.AppStore|iPhoneSimulator.ActiveCfg = Release|Any CPU
		{A88CC6EF-290F-4E64-BCD9-DD2180081BD0}.AppStore|iPhoneSimulator.Build.0 = Release|Any CPU
		{A88CC6EF-290F-4E64-BCD9-DD2180081BD0}.AppStore|iPhoneSimulator.Deploy.0 = Release|Any CPU
		{A88CC6EF-290F-4E64-BCD9-DD2180081BD0}.AppStore|x64.ActiveCfg = Release|Any CPU
		{A88CC6EF-290F-4E64-BCD9-DD2180081BD0}.AppStore|x64.Build.0 = Release|Any CPU
		{A88CC6EF-290F-4E64-BCD9-DD2180081BD0}.AppStore|x64.Deploy.0 = Release|Any CPU
		{A88CC6EF-290F-4E64-BCD9-DD2180081BD0}.AppStore|x86.ActiveCfg = Release|Any CPU
		{A88CC6EF-290F-4E64-BCD9-DD2180081BD0}.AppStore|x86.Build.0 = Release|Any CPU
		{A88CC6EF-290F-4E64-BCD9-DD2180081BD0}.AppStore|x86.Deploy.0 = Release|Any CPU
		{A88CC6EF-290F-4E64-BCD9-DD2180081BD0}.Debug|Any CPU.ActiveCfg = Debug|Any CPU
		{A88CC6EF-290F-4E64-BCD9-DD2180081BD0}.Debug|Any CPU.Build.0 = Debug|Any CPU
		{A88CC6EF-290F-4E64-BCD9-DD2180081BD0}.Debug|Any CPU.Deploy.0 = Debug|Any CPU
		{A88CC6EF-290F-4E64-BCD9-DD2180081BD0}.Debug|iPhone.ActiveCfg = Debug|Any CPU
		{A88CC6EF-290F-4E64-BCD9-DD2180081BD0}.Debug|iPhone.Build.0 = Debug|Any CPU
		{A88CC6EF-290F-4E64-BCD9-DD2180081BD0}.Debug|iPhone.Deploy.0 = Debug|Any CPU
		{A88CC6EF-290F-4E64-BCD9-DD2180081BD0}.Debug|iPhoneSimulator.ActiveCfg = Debug|Any CPU
		{A88CC6EF-290F-4E64-BCD9-DD2180081BD0}.Debug|iPhoneSimulator.Build.0 = Debug|Any CPU
		{A88CC6EF-290F-4E64-BCD9-DD2180081BD0}.Debug|iPhoneSimulator.Deploy.0 = Debug|Any CPU
		{A88CC6EF-290F-4E64-BCD9-DD2180081BD0}.Debug|x64.ActiveCfg = Debug|Any CPU
		{A88CC6EF-290F-4E64-BCD9-DD2180081BD0}.Debug|x64.Build.0 = Debug|Any CPU
		{A88CC6EF-290F-4E64-BCD9-DD2180081BD0}.Debug|x64.Deploy.0 = Debug|Any CPU
		{A88CC6EF-290F-4E64-BCD9-DD2180081BD0}.Debug|x86.ActiveCfg = Debug|Any CPU
		{A88CC6EF-290F-4E64-BCD9-DD2180081BD0}.Debug|x86.Build.0 = Debug|Any CPU
		{A88CC6EF-290F-4E64-BCD9-DD2180081BD0}.Debug|x86.Deploy.0 = Debug|Any CPU
		{A88CC6EF-290F-4E64-BCD9-DD2180081BD0}.Release|Any CPU.ActiveCfg = Release|Any CPU
		{A88CC6EF-290F-4E64-BCD9-DD2180081BD0}.Release|Any CPU.Build.0 = Release|Any CPU
		{A88CC6EF-290F-4E64-BCD9-DD2180081BD0}.Release|Any CPU.Deploy.0 = Release|Any CPU
		{A88CC6EF-290F-4E64-BCD9-DD2180081BD0}.Release|iPhone.ActiveCfg = Release|Any CPU
		{A88CC6EF-290F-4E64-BCD9-DD2180081BD0}.Release|iPhone.Build.0 = Release|Any CPU
		{A88CC6EF-290F-4E64-BCD9-DD2180081BD0}.Release|iPhone.Deploy.0 = Release|Any CPU
		{A88CC6EF-290F-4E64-BCD9-DD2180081BD0}.Release|iPhoneSimulator.ActiveCfg = Release|Any CPU
		{A88CC6EF-290F-4E64-BCD9-DD2180081BD0}.Release|iPhoneSimulator.Build.0 = Release|Any CPU
		{A88CC6EF-290F-4E64-BCD9-DD2180081BD0}.Release|iPhoneSimulator.Deploy.0 = Release|Any CPU
		{A88CC6EF-290F-4E64-BCD9-DD2180081BD0}.Release|x64.ActiveCfg = Release|Any CPU
		{A88CC6EF-290F-4E64-BCD9-DD2180081BD0}.Release|x64.Build.0 = Release|Any CPU
		{A88CC6EF-290F-4E64-BCD9-DD2180081BD0}.Release|x64.Deploy.0 = Release|Any CPU
		{A88CC6EF-290F-4E64-BCD9-DD2180081BD0}.Release|x86.ActiveCfg = Release|Any CPU
		{A88CC6EF-290F-4E64-BCD9-DD2180081BD0}.Release|x86.Build.0 = Release|Any CPU
		{A88CC6EF-290F-4E64-BCD9-DD2180081BD0}.Release|x86.Deploy.0 = Release|Any CPU
		{7B066FDE-ECD5-44FA-8600-C50FE453B0CE}.Ad-Hoc|Any CPU.ActiveCfg = Debug|Any CPU
		{7B066FDE-ECD5-44FA-8600-C50FE453B0CE}.Ad-Hoc|Any CPU.Build.0 = Debug|Any CPU
		{7B066FDE-ECD5-44FA-8600-C50FE453B0CE}.Ad-Hoc|iPhone.ActiveCfg = Debug|Any CPU
		{7B066FDE-ECD5-44FA-8600-C50FE453B0CE}.Ad-Hoc|iPhone.Build.0 = Debug|Any CPU
		{7B066FDE-ECD5-44FA-8600-C50FE453B0CE}.Ad-Hoc|iPhoneSimulator.ActiveCfg = Debug|Any CPU
		{7B066FDE-ECD5-44FA-8600-C50FE453B0CE}.Ad-Hoc|iPhoneSimulator.Build.0 = Debug|Any CPU
		{7B066FDE-ECD5-44FA-8600-C50FE453B0CE}.Ad-Hoc|x64.ActiveCfg = Release|x64
		{7B066FDE-ECD5-44FA-8600-C50FE453B0CE}.Ad-Hoc|x64.Build.0 = Release|x64
		{7B066FDE-ECD5-44FA-8600-C50FE453B0CE}.Ad-Hoc|x86.ActiveCfg = Release|x86
		{7B066FDE-ECD5-44FA-8600-C50FE453B0CE}.Ad-Hoc|x86.Build.0 = Release|x86
		{7B066FDE-ECD5-44FA-8600-C50FE453B0CE}.AppStore|Any CPU.ActiveCfg = Debug|Any CPU
		{7B066FDE-ECD5-44FA-8600-C50FE453B0CE}.AppStore|Any CPU.Build.0 = Debug|Any CPU
		{7B066FDE-ECD5-44FA-8600-C50FE453B0CE}.AppStore|iPhone.ActiveCfg = Debug|Any CPU
		{7B066FDE-ECD5-44FA-8600-C50FE453B0CE}.AppStore|iPhone.Build.0 = Debug|Any CPU
		{7B066FDE-ECD5-44FA-8600-C50FE453B0CE}.AppStore|iPhoneSimulator.ActiveCfg = Debug|Any CPU
		{7B066FDE-ECD5-44FA-8600-C50FE453B0CE}.AppStore|iPhoneSimulator.Build.0 = Debug|Any CPU
		{7B066FDE-ECD5-44FA-8600-C50FE453B0CE}.AppStore|x64.ActiveCfg = Release|x64
		{7B066FDE-ECD5-44FA-8600-C50FE453B0CE}.AppStore|x64.Build.0 = Release|x64
		{7B066FDE-ECD5-44FA-8600-C50FE453B0CE}.AppStore|x86.ActiveCfg = Release|x86
		{7B066FDE-ECD5-44FA-8600-C50FE453B0CE}.AppStore|x86.Build.0 = Release|x86
		{7B066FDE-ECD5-44FA-8600-C50FE453B0CE}.Debug|Any CPU.ActiveCfg = Debug|Any CPU
		{7B066FDE-ECD5-44FA-8600-C50FE453B0CE}.Debug|Any CPU.Build.0 = Debug|Any CPU
		{7B066FDE-ECD5-44FA-8600-C50FE453B0CE}.Debug|iPhone.ActiveCfg = Debug|Any CPU
		{7B066FDE-ECD5-44FA-8600-C50FE453B0CE}.Debug|iPhone.Build.0 = Debug|Any CPU
		{7B066FDE-ECD5-44FA-8600-C50FE453B0CE}.Debug|iPhoneSimulator.ActiveCfg = Debug|Any CPU
		{7B066FDE-ECD5-44FA-8600-C50FE453B0CE}.Debug|iPhoneSimulator.Build.0 = Debug|Any CPU
		{7B066FDE-ECD5-44FA-8600-C50FE453B0CE}.Debug|x64.ActiveCfg = Debug|x64
		{7B066FDE-ECD5-44FA-8600-C50FE453B0CE}.Debug|x64.Build.0 = Debug|x64
		{7B066FDE-ECD5-44FA-8600-C50FE453B0CE}.Debug|x86.ActiveCfg = Debug|x86
		{7B066FDE-ECD5-44FA-8600-C50FE453B0CE}.Debug|x86.Build.0 = Debug|x86
		{7B066FDE-ECD5-44FA-8600-C50FE453B0CE}.Release|Any CPU.ActiveCfg = Release|Any CPU
		{7B066FDE-ECD5-44FA-8600-C50FE453B0CE}.Release|Any CPU.Build.0 = Release|Any CPU
		{7B066FDE-ECD5-44FA-8600-C50FE453B0CE}.Release|iPhone.ActiveCfg = Release|Any CPU
		{7B066FDE-ECD5-44FA-8600-C50FE453B0CE}.Release|iPhone.Build.0 = Release|Any CPU
		{7B066FDE-ECD5-44FA-8600-C50FE453B0CE}.Release|iPhoneSimulator.ActiveCfg = Release|Any CPU
		{7B066FDE-ECD5-44FA-8600-C50FE453B0CE}.Release|iPhoneSimulator.Build.0 = Release|Any CPU
		{7B066FDE-ECD5-44FA-8600-C50FE453B0CE}.Release|x64.ActiveCfg = Release|x64
		{7B066FDE-ECD5-44FA-8600-C50FE453B0CE}.Release|x64.Build.0 = Release|x64
		{7B066FDE-ECD5-44FA-8600-C50FE453B0CE}.Release|x86.ActiveCfg = Release|x86
		{7B066FDE-ECD5-44FA-8600-C50FE453B0CE}.Release|x86.Build.0 = Release|x86
		{96528309-0D7A-47BF-B1D0-F8EFDBD87B85}.Ad-Hoc|Any CPU.ActiveCfg = Ad-Hoc|iPhone
		{96528309-0D7A-47BF-B1D0-F8EFDBD87B85}.Ad-Hoc|iPhone.ActiveCfg = Ad-Hoc|iPhone
		{96528309-0D7A-47BF-B1D0-F8EFDBD87B85}.Ad-Hoc|iPhone.Build.0 = Ad-Hoc|iPhone
		{96528309-0D7A-47BF-B1D0-F8EFDBD87B85}.Ad-Hoc|iPhoneSimulator.ActiveCfg = Ad-Hoc|iPhoneSimulator
		{96528309-0D7A-47BF-B1D0-F8EFDBD87B85}.Ad-Hoc|iPhoneSimulator.Build.0 = Ad-Hoc|iPhoneSimulator
		{96528309-0D7A-47BF-B1D0-F8EFDBD87B85}.Ad-Hoc|x64.ActiveCfg = Ad-Hoc|iPhone
		{96528309-0D7A-47BF-B1D0-F8EFDBD87B85}.Ad-Hoc|x86.ActiveCfg = Ad-Hoc|iPhone
		{96528309-0D7A-47BF-B1D0-F8EFDBD87B85}.AppStore|Any CPU.ActiveCfg = AppStore|iPhone
		{96528309-0D7A-47BF-B1D0-F8EFDBD87B85}.AppStore|iPhone.ActiveCfg = AppStore|iPhone
		{96528309-0D7A-47BF-B1D0-F8EFDBD87B85}.AppStore|iPhone.Build.0 = AppStore|iPhone
		{96528309-0D7A-47BF-B1D0-F8EFDBD87B85}.AppStore|iPhoneSimulator.ActiveCfg = AppStore|iPhoneSimulator
		{96528309-0D7A-47BF-B1D0-F8EFDBD87B85}.AppStore|iPhoneSimulator.Build.0 = AppStore|iPhoneSimulator
		{96528309-0D7A-47BF-B1D0-F8EFDBD87B85}.AppStore|x64.ActiveCfg = AppStore|iPhone
		{96528309-0D7A-47BF-B1D0-F8EFDBD87B85}.AppStore|x86.ActiveCfg = AppStore|iPhone
		{96528309-0D7A-47BF-B1D0-F8EFDBD87B85}.Debug|Any CPU.ActiveCfg = Debug|iPhone
		{96528309-0D7A-47BF-B1D0-F8EFDBD87B85}.Debug|iPhone.ActiveCfg = Debug|iPhone
		{96528309-0D7A-47BF-B1D0-F8EFDBD87B85}.Debug|iPhone.Build.0 = Debug|iPhone
		{96528309-0D7A-47BF-B1D0-F8EFDBD87B85}.Debug|iPhoneSimulator.ActiveCfg = Debug|iPhoneSimulator
		{96528309-0D7A-47BF-B1D0-F8EFDBD87B85}.Debug|iPhoneSimulator.Build.0 = Debug|iPhoneSimulator
		{96528309-0D7A-47BF-B1D0-F8EFDBD87B85}.Debug|x64.ActiveCfg = Debug|iPhone
		{96528309-0D7A-47BF-B1D0-F8EFDBD87B85}.Debug|x86.ActiveCfg = Debug|iPhone
		{96528309-0D7A-47BF-B1D0-F8EFDBD87B85}.Release|Any CPU.ActiveCfg = Release|iPhone
		{96528309-0D7A-47BF-B1D0-F8EFDBD87B85}.Release|iPhone.ActiveCfg = Release|iPhone
		{96528309-0D7A-47BF-B1D0-F8EFDBD87B85}.Release|iPhone.Build.0 = Release|iPhone
		{96528309-0D7A-47BF-B1D0-F8EFDBD87B85}.Release|iPhoneSimulator.ActiveCfg = Release|iPhoneSimulator
		{96528309-0D7A-47BF-B1D0-F8EFDBD87B85}.Release|iPhoneSimulator.Build.0 = Release|iPhoneSimulator
		{96528309-0D7A-47BF-B1D0-F8EFDBD87B85}.Release|x64.ActiveCfg = Release|iPhone
		{96528309-0D7A-47BF-B1D0-F8EFDBD87B85}.Release|x86.ActiveCfg = Release|iPhone
	EndGlobalSection
	GlobalSection(SolutionProperties) = preSolution
		HideSolutionNode = FALSE
	EndGlobalSection
EndGlobal
