
Microsoft Visual Studio Solution File, Format Version 11.00
# Visual Studio 2010
Project("{FAE04EC0-301F-11D3-BF4B-00C04F79EFBC}") = "iOS", "iOS.csproj", "{9F81A4C3-5C16-4C4C-9DB5-7D7E18FA3F13}"
EndProject
Project("{FAE04EC0-301F-11D3-BF4B-00C04F79EFBC}") = "Android", "..\Android\Android.csproj", "{BEBF76AF-22F3-43F4-965F-ED02A27631C7}"
EndProject
Global
	GlobalSection(SolutionConfigurationPlatforms) = preSolution
		Debug|iPhoneSimulator = Debug|iPhoneSimulator
		Release|iPhoneSimulator = Release|iPhoneSimulator
		Debug|iPhone = Debug|iPhone
		Release|iPhone = Release|iPhone
		Ad-Hoc|iPhone = Ad-Hoc|iPhone
		AppStore|iPhone = AppStore|iPhone
	EndGlobalSection
	GlobalSection(ProjectConfigurationPlatforms) = postSolution
		{9F81A4C3-5C16-4C4C-9DB5-7D7E18FA3F13}.Ad-Hoc|iPhone.ActiveCfg = Ad-Hoc|iPhone
		{9F81A4C3-5C16-4C4C-9DB5-7D7E18FA3F13}.Ad-Hoc|iPhone.Build.0 = Ad-Hoc|iPhone
		{9F81A4C3-5C16-4C4C-9DB5-7D7E18FA3F13}.AppStore|iPhone.ActiveCfg = AppStore|iPhone
		{9F81A4C3-5C16-4C4C-9DB5-7D7E18FA3F13}.AppStore|iPhone.Build.0 = AppStore|iPhone
		{9F81A4C3-5C16-4C4C-9DB5-7D7E18FA3F13}.Debug|iPhone.ActiveCfg = Debug|iPhone
		{9F81A4C3-5C16-4C4C-9DB5-7D7E18FA3F13}.Debug|iPhone.Build.0 = Debug|iPhone
		{9F81A4C3-5C16-4C4C-9DB5-7D7E18FA3F13}.Debug|iPhoneSimulator.ActiveCfg = Debug|iPhoneSimulator
		{9F81A4C3-5C16-4C4C-9DB5-7D7E18FA3F13}.Debug|iPhoneSimulator.Build.0 = Debug|iPhoneSimulator
		{9F81A4C3-5C16-4C4C-9DB5-7D7E18FA3F13}.Release|iPhone.ActiveCfg = Release|iPhone
		{9F81A4C3-5C16-4C4C-9DB5-7D7E18FA3F13}.Release|iPhone.Build.0 = Release|iPhone
		{9F81A4C3-5C16-4C4C-9DB5-7D7E18FA3F13}.Release|iPhoneSimulator.ActiveCfg = Release|iPhoneSimulator
		{9F81A4C3-5C16-4C4C-9DB5-7D7E18FA3F13}.Release|iPhoneSimulator.Build.0 = Release|iPhoneSimulator
		{BEBF76AF-22F3-43F4-965F-ED02A27631C7}.Ad-Hoc|iPhone.ActiveCfg = Debug|Any CPU
		{BEBF76AF-22F3-43F4-965F-ED02A27631C7}.Ad-Hoc|iPhone.Build.0 = Debug|Any CPU
		{BEBF76AF-22F3-43F4-965F-ED02A27631C7}.AppStore|iPhone.ActiveCfg = Debug|Any CPU
		{BEBF76AF-22F3-43F4-965F-ED02A27631C7}.AppStore|iPhone.Build.0 = Debug|Any CPU
		{BEBF76AF-22F3-43F4-965F-ED02A27631C7}.Debug|iPhone.ActiveCfg = Debug|Any CPU
		{BEBF76AF-22F3-43F4-965F-ED02A27631C7}.Debug|iPhone.Build.0 = Debug|Any CPU
		{BEBF76AF-22F3-43F4-965F-ED02A27631C7}.Debug|iPhoneSimulator.ActiveCfg = Debug|Any CPU
		{BEBF76AF-22F3-43F4-965F-ED02A27631C7}.Debug|iPhoneSimulator.Build.0 = Debug|Any CPU
		{BEBF76AF-22F3-43F4-965F-ED02A27631C7}.Release|iPhone.ActiveCfg = Release|Any CPU
		{BEBF76AF-22F3-43F4-965F-ED02A27631C7}.Release|iPhone.Build.0 = Release|Any CPU
		{BEBF76AF-22F3-43F4-965F-ED02A27631C7}.Release|iPhoneSimulator.ActiveCfg = Release|Any CPU
		{BEBF76AF-22F3-43F4-965F-ED02A27631C7}.Release|iPhoneSimulator.Build.0 = Release|Any CPU
	EndGlobalSection
	GlobalSection(MonoDevelopProperties) = preSolution
		StartupItem = iOS.csproj
	EndGlobalSection
EndGlobal
