
Microsoft Visual Studio Solution File, Format Version 12.00
# Visual Studio 2012
Project("{FAE04EC0-301F-11D3-BF4B-00C04F79EFBC}") = "Notifications.iOS", "Notifications.iOS.csproj", "{20FF9B2C-D1F6-445A-8C9D-5419858EEBEC}"
EndProject
Global
	GlobalSection(SolutionConfigurationPlatforms) = preSolution
		Debug|iPhoneSimulator = Debug|iPhoneSimulator
		Release|iPhoneSimulator = Release|iPhoneSimulator
		Debug|iPhone = Debug|iPhone
		Release|iPhone = Release|iPhone
		Ad-Hoc|iPhone = Ad-Hoc|iPhone
		AppStore|iPhone = AppStore|iPhone
	EndGlobalSection
	GlobalSection(ProjectConfigurationPlatforms) = postSolution
		{20FF9B2C-D1F6-445A-8C9D-5419858EEBEC}.Debug|iPhoneSimulator.ActiveCfg = Debug|iPhoneSimulator
		{20FF9B2C-D1F6-445A-8C9D-5419858EEBEC}.Debug|iPhoneSimulator.Build.0 = Debug|iPhoneSimulator
		{20FF9B2C-D1F6-445A-8C9D-5419858EEBEC}.Release|iPhoneSimulator.ActiveCfg = Release|iPhoneSimulator
		{20FF9B2C-D1F6-445A-8C9D-5419858EEBEC}.Release|iPhoneSimulator.Build.0 = Release|iPhoneSimulator
		{20FF9B2C-D1F6-445A-8C9D-5419858EEBEC}.Debug|iPhone.ActiveCfg = Debug|iPhone
		{20FF9B2C-D1F6-445A-8C9D-5419858EEBEC}.Debug|iPhone.Build.0 = Debug|iPhone
		{20FF9B2C-D1F6-445A-8C9D-5419858EEBEC}.Release|iPhone.ActiveCfg = Release|iPhone
		{20FF9B2C-D1F6-445A-8C9D-5419858EEBEC}.Release|iPhone.Build.0 = Release|iPhone
		{20FF9B2C-D1F6-445A-8C9D-5419858EEBEC}.Ad-Hoc|iPhone.ActiveCfg = Ad-Hoc|iPhone
		{20FF9B2C-D1F6-445A-8C9D-5419858EEBEC}.Ad-Hoc|iPhone.Build.0 = Ad-Hoc|iPhone
		{20FF9B2C-D1F6-445A-8C9D-5419858EEBEC}.AppStore|iPhone.ActiveCfg = AppStore|iPhone
		{20FF9B2C-D1F6-445A-8C9D-5419858EEBEC}.AppStore|iPhone.Build.0 = AppStore|iPhone
	EndGlobalSection
EndGlobal
